<?xml version="1.0" encoding="UTF-8"?>
<!DOCTYPE plist PUBLIC "-//Apple//DTD PLIST 1.0//EN" "http://www.apple.com/DTDs/PropertyList-1.0.dtd">
<plist version="1.0">
<dict>
	<key>archiveVersion</key>
	<string>1</string>
	<key>classes</key>
	<dict/>
	<key>objectVersion</key>
	<string>46</string>
	<key>objects</key>
	<dict>
		<key>0E219D20AB154E2FFA987571</key>
		<dict>
			<key>buildActionMask</key>
			<string>2147483647</string>
			<key>files</key>
			<array/>
			<key>inputPaths</key>
			<array/>
			<key>isa</key>
			<string>PBXShellScriptBuildPhase</string>
			<key>name</key>
			<string>Copy Pods Resources</string>
			<key>outputPaths</key>
			<array/>
			<key>runOnlyForDeploymentPostprocessing</key>
			<string>0</string>
			<key>shellPath</key>
			<string>/bin/sh</string>
			<key>shellScript</key>
			<string>"${SRCROOT}/Pods/Target Support Files/Pods-Shik Shak/Pods-Shik Shak-resources.sh"
</string>
			<key>showEnvVarsInLog</key>
			<string>0</string>
		</dict>
		<key>1548D980204C22782ED42705</key>
		<dict>
			<key>buildActionMask</key>
			<string>2147483647</string>
			<key>files</key>
			<array/>
			<key>inputPaths</key>
			<array/>
			<key>isa</key>
			<string>PBXShellScriptBuildPhase</string>
			<key>name</key>
			<string>Check Pods Manifest.lock</string>
			<key>outputPaths</key>
			<array/>
			<key>runOnlyForDeploymentPostprocessing</key>
			<string>0</string>
			<key>shellPath</key>
			<string>/bin/sh</string>
			<key>shellScript</key>
			<string>diff "${PODS_ROOT}/../Podfile.lock" "${PODS_ROOT}/Manifest.lock" &gt; /dev/null
if [[ $? != 0 ]] ; then
    cat &lt;&lt; EOM
error: The sandbox is not in sync with the Podfile.lock. Run 'pod install' or update your CocoaPods installation.
EOM
    exit 1
fi
</string>
			<key>showEnvVarsInLog</key>
			<string>0</string>
		</dict>
		<key>2B5CAC1F5B4EED3E49374919</key>
		<dict>
			<key>includeInIndex</key>
			<string>1</string>
			<key>isa</key>
			<string>PBXFileReference</string>
			<key>lastKnownFileType</key>
			<string>text.xcconfig</string>
			<key>name</key>
			<string>Pods-Shik ShakTests.debug.xcconfig</string>
			<key>path</key>
			<string>Pods/Target Support Files/Pods-Shik ShakTests/Pods-Shik ShakTests.debug.xcconfig</string>
			<key>sourceTree</key>
			<string>&lt;group&gt;</string>
		</dict>
		<key>3698FB8750A8AF0CED44675B</key>
		<dict>
			<key>children</key>
			<array>
				<string>AB7E0661D4B6F76FE5545B39</string>
				<string>A0924EA5987E4D434A4C9A04</string>
				<string>2B5CAC1F5B4EED3E49374919</string>
				<string>AD0F88CD28C64AAE41A199D2</string>
			</array>
			<key>isa</key>
			<string>PBXGroup</string>
			<key>name</key>
			<string>Pods</string>
			<key>sourceTree</key>
			<string>&lt;group&gt;</string>
		</dict>
		<key>3DC3D11A710ABE7D038F910C</key>
		<dict>
			<key>children</key>
			<array>
				<string>4A98D84B1A73670000893961</string>
				<string>52913044ED5187C7C5D2F2C8</string>
				<string>DE80DCEE19BC16DB259636E4</string>
			</array>
			<key>isa</key>
			<string>PBXGroup</string>
			<key>name</key>
			<string>Frameworks</string>
			<key>sourceTree</key>
			<string>&lt;group&gt;</string>
		</dict>
		<key>4A09FE271A7557D500158152</key>
		<dict>
			<key>fileEncoding</key>
			<string>4</string>
			<key>isa</key>
			<string>PBXFileReference</string>
			<key>lastKnownFileType</key>
			<string>sourcecode.c.h</string>
			<key>path</key>
			<string>ZSSCloudQuerier.h</string>
			<key>sourceTree</key>
			<string>&lt;group&gt;</string>
		</dict>
		<key>4A09FE281A7557D500158152</key>
		<dict>
			<key>fileEncoding</key>
			<string>4</string>
			<key>isa</key>
			<string>PBXFileReference</string>
			<key>lastKnownFileType</key>
			<string>sourcecode.c.objc</string>
			<key>path</key>
			<string>ZSSCloudQuerier.m</string>
			<key>sourceTree</key>
			<string>&lt;group&gt;</string>
		</dict>
		<key>4A09FE291A7557D500158152</key>
		<dict>
			<key>fileRef</key>
			<string>4A09FE281A7557D500158152</string>
			<key>isa</key>
			<string>PBXBuildFile</string>
		</dict>
		<key>4A09FE2A1A7557D500158152</key>
		<dict>
			<key>fileRef</key>
			<string>4A09FE281A7557D500158152</string>
			<key>isa</key>
			<string>PBXBuildFile</string>
		</dict>
		<key>4A09FE2B1A75614200158152</key>
		<dict>
			<key>fileEncoding</key>
			<string>4</string>
			<key>isa</key>
			<string>PBXFileReference</string>
			<key>lastKnownFileType</key>
			<string>text.plist.xml</string>
			<key>name</key>
			<string>Keys.plist</string>
			<key>path</key>
			<string>Shik ShakTests/Keys.plist</string>
			<key>sourceTree</key>
			<string>SOURCE_ROOT</string>
		</dict>
		<key>4A09FE2C1A75614200158152</key>
		<dict>
			<key>fileRef</key>
			<string>4A09FE2B1A75614200158152</string>
			<key>isa</key>
			<string>PBXBuildFile</string>
		</dict>
		<key>4A09FE2D1A75614200158152</key>
		<dict>
			<key>fileRef</key>
			<string>4A09FE2B1A75614200158152</string>
			<key>isa</key>
			<string>PBXBuildFile</string>
		</dict>
		<key>4A09FE2E1A75627200158152</key>
		<dict>
			<key>fileEncoding</key>
			<string>4</string>
			<key>isa</key>
			<string>PBXFileReference</string>
			<key>lastKnownFileType</key>
			<string>sourcecode.c.h</string>
			<key>path</key>
			<string>ZSSShak.h</string>
			<key>sourceTree</key>
			<string>&lt;group&gt;</string>
		</dict>
		<key>4A09FE2F1A75627200158152</key>
		<dict>
			<key>fileEncoding</key>
			<string>4</string>
			<key>isa</key>
			<string>PBXFileReference</string>
			<key>lastKnownFileType</key>
			<string>sourcecode.c.objc</string>
			<key>path</key>
			<string>ZSSShak.m</string>
			<key>sourceTree</key>
			<string>&lt;group&gt;</string>
		</dict>
		<key>4A09FE301A75627200158152</key>
		<dict>
			<key>fileEncoding</key>
			<string>4</string>
			<key>isa</key>
			<string>PBXFileReference</string>
			<key>lastKnownFileType</key>
			<string>sourcecode.c.h</string>
			<key>path</key>
			<string>ZSSUser.h</string>
			<key>sourceTree</key>
			<string>&lt;group&gt;</string>
		</dict>
		<key>4A09FE311A75627200158152</key>
		<dict>
			<key>fileEncoding</key>
			<string>4</string>
			<key>isa</key>
			<string>PBXFileReference</string>
			<key>lastKnownFileType</key>
			<string>sourcecode.c.objc</string>
			<key>path</key>
			<string>ZSSUser.m</string>
			<key>sourceTree</key>
			<string>&lt;group&gt;</string>
		</dict>
		<key>4A09FE321A75627200158152</key>
		<dict>
			<key>fileRef</key>
			<string>4A09FE2F1A75627200158152</string>
			<key>isa</key>
			<string>PBXBuildFile</string>
		</dict>
		<key>4A09FE331A75627200158152</key>
		<dict>
			<key>fileRef</key>
			<string>4A09FE2F1A75627200158152</string>
			<key>isa</key>
			<string>PBXBuildFile</string>
		</dict>
		<key>4A09FE341A75627200158152</key>
		<dict>
			<key>fileRef</key>
			<string>4A09FE311A75627200158152</string>
			<key>isa</key>
			<string>PBXBuildFile</string>
		</dict>
		<key>4A09FE351A75627200158152</key>
		<dict>
			<key>fileRef</key>
			<string>4A09FE311A75627200158152</string>
			<key>isa</key>
			<string>PBXBuildFile</string>
		</dict>
		<key>4A1B592E1A736C190014A45A</key>
		<dict>
			<key>fileEncoding</key>
			<string>4</string>
			<key>isa</key>
			<string>PBXFileReference</string>
			<key>lastKnownFileType</key>
			<string>sourcecode.c.objc</string>
			<key>path</key>
			<string>testZSSLocationQuerier.m</string>
			<key>sourceTree</key>
			<string>&lt;group&gt;</string>
		</dict>
		<key>4A1B592F1A736C190014A45A</key>
		<dict>
			<key>fileRef</key>
			<string>4A1B592E1A736C190014A45A</string>
			<key>isa</key>
			<string>PBXBuildFile</string>
		</dict>
		<key>4A3B34971A6F538100D27143</key>
		<dict>
			<key>fileEncoding</key>
			<string>4</string>
			<key>isa</key>
			<string>PBXFileReference</string>
			<key>lastKnownFileType</key>
			<string>sourcecode.c.h</string>
			<key>path</key>
			<string>UIWaveView.h</string>
			<key>sourceTree</key>
			<string>&lt;group&gt;</string>
		</dict>
		<key>4A3B34981A6F538100D27143</key>
		<dict>
			<key>fileEncoding</key>
			<string>4</string>
			<key>isa</key>
			<string>PBXFileReference</string>
			<key>lastKnownFileType</key>
			<string>sourcecode.c.objc</string>
			<key>path</key>
			<string>UIWaveView.m</string>
			<key>sourceTree</key>
			<string>&lt;group&gt;</string>
		</dict>
		<key>4A3B34991A6F538100D27143</key>
		<dict>
			<key>fileRef</key>
			<string>4A3B34981A6F538100D27143</string>
			<key>isa</key>
			<string>PBXBuildFile</string>
		</dict>
		<key>4A67BF521A77756700601CA9</key>
		<dict>
			<key>isa</key>
			<string>PBXFileReference</string>
			<key>lastKnownFileType</key>
			<string>image.png</string>
			<key>path</key>
			<string>left-30.png</string>
			<key>sourceTree</key>
			<string>&lt;group&gt;</string>
		</dict>
		<key>4A67BF531A77756700601CA9</key>
		<dict>
			<key>isa</key>
			<string>PBXFileReference</string>
			<key>lastKnownFileType</key>
			<string>image.png</string>
			<key>path</key>
			<string>left-60.png</string>
			<key>sourceTree</key>
			<string>&lt;group&gt;</string>
		</dict>
		<key>4A67BF541A77756700601CA9</key>
		<dict>
			<key>isa</key>
			<string>PBXFileReference</string>
			<key>lastKnownFileType</key>
			<string>image.png</string>
			<key>path</key>
			<string>left-90.png</string>
			<key>sourceTree</key>
			<string>&lt;group&gt;</string>
		</dict>
		<key>4A67BF551A77756700601CA9</key>
		<dict>
			<key>fileRef</key>
			<string>4A67BF521A77756700601CA9</string>
			<key>isa</key>
			<string>PBXBuildFile</string>
		</dict>
		<key>4A67BF561A77756700601CA9</key>
		<dict>
			<key>fileRef</key>
			<string>4A67BF531A77756700601CA9</string>
			<key>isa</key>
			<string>PBXBuildFile</string>
		</dict>
		<key>4A67BF571A77756700601CA9</key>
		<dict>
			<key>fileRef</key>
			<string>4A67BF541A77756700601CA9</string>
			<key>isa</key>
			<string>PBXBuildFile</string>
		</dict>
		<key>4A67BF6A1A777A4B00601CA9</key>
		<dict>
			<key>isa</key>
			<string>PBXFileReference</string>
			<key>lastKnownFileType</key>
			<string>image.png</string>
			<key>path</key>
			<string>RefreshIcon.png</string>
			<key>sourceTree</key>
			<string>&lt;group&gt;</string>
		</dict>
		<key>4A67BF6B1A777A4B00601CA9</key>
		<dict>
			<key>isa</key>
			<string>PBXFileReference</string>
			<key>lastKnownFileType</key>
			<string>image.png</string>
			<key>path</key>
			<string>RefreshIcon@2x.png</string>
			<key>sourceTree</key>
			<string>&lt;group&gt;</string>
		</dict>
		<key>4A67BF6C1A777A4B00601CA9</key>
		<dict>
			<key>isa</key>
			<string>PBXFileReference</string>
			<key>lastKnownFileType</key>
			<string>image.png</string>
			<key>path</key>
			<string>RefreshIcon@3x.png</string>
			<key>sourceTree</key>
			<string>&lt;group&gt;</string>
		</dict>
		<key>4A67BF6D1A777A4B00601CA9</key>
		<dict>
			<key>fileRef</key>
			<string>4A67BF6A1A777A4B00601CA9</string>
			<key>isa</key>
			<string>PBXBuildFile</string>
		</dict>
		<key>4A67BF6E1A777A4B00601CA9</key>
		<dict>
			<key>fileRef</key>
			<string>4A67BF6B1A777A4B00601CA9</string>
			<key>isa</key>
			<string>PBXBuildFile</string>
		</dict>
		<key>4A67BF6F1A777A4B00601CA9</key>
		<dict>
			<key>fileRef</key>
			<string>4A67BF6C1A777A4B00601CA9</string>
			<key>isa</key>
			<string>PBXBuildFile</string>
		</dict>
		<key>4A6E45801A6D88DD00C28755</key>
		<dict>
			<key>fileEncoding</key>
			<string>4</string>
			<key>isa</key>
			<string>PBXFileReference</string>
			<key>lastKnownFileType</key>
			<string>sourcecode.c.h</string>
			<key>path</key>
			<string>ZSSCreateShakViewController.h</string>
			<key>sourceTree</key>
			<string>&lt;group&gt;</string>
		</dict>
		<key>4A6E45811A6D88DD00C28755</key>
		<dict>
			<key>fileEncoding</key>
			<string>4</string>
			<key>isa</key>
			<string>PBXFileReference</string>
			<key>lastKnownFileType</key>
			<string>sourcecode.c.objc</string>
			<key>path</key>
			<string>ZSSCreateShakViewController.m</string>
			<key>sourceTree</key>
			<string>&lt;group&gt;</string>
		</dict>
		<key>4A6E45821A6D88DD00C28755</key>
		<dict>
			<key>fileEncoding</key>
			<string>4</string>
			<key>isa</key>
			<string>PBXFileReference</string>
			<key>lastKnownFileType</key>
			<string>file.xib</string>
			<key>path</key>
			<string>ZSSCreateShakViewController.xib</string>
			<key>sourceTree</key>
			<string>&lt;group&gt;</string>
		</dict>
		<key>4A6E45831A6D88DD00C28755</key>
		<dict>
			<key>fileRef</key>
			<string>4A6E45811A6D88DD00C28755</string>
			<key>isa</key>
			<string>PBXBuildFile</string>
		</dict>
		<key>4A6E45841A6D88DD00C28755</key>
		<dict>
			<key>fileRef</key>
			<string>4A6E45811A6D88DD00C28755</string>
			<key>isa</key>
			<string>PBXBuildFile</string>
		</dict>
		<key>4A6E45851A6D88DD00C28755</key>
		<dict>
			<key>fileRef</key>
			<string>4A6E45821A6D88DD00C28755</string>
			<key>isa</key>
			<string>PBXBuildFile</string>
		</dict>
		<key>4A6E45861A6D88DD00C28755</key>
		<dict>
			<key>fileRef</key>
			<string>4A6E45821A6D88DD00C28755</string>
			<key>isa</key>
			<string>PBXBuildFile</string>
		</dict>
		<key>4A6E45871A6D8D5C00C28755</key>
		<dict>
			<key>fileEncoding</key>
			<string>4</string>
			<key>isa</key>
			<string>PBXFileReference</string>
			<key>lastKnownFileType</key>
			<string>sourcecode.c.h</string>
			<key>path</key>
			<string>RKDropdownAlert.h</string>
			<key>sourceTree</key>
			<string>&lt;group&gt;</string>
		</dict>
		<key>4A6E45881A6D8D5C00C28755</key>
		<dict>
			<key>fileEncoding</key>
			<string>4</string>
			<key>isa</key>
			<string>PBXFileReference</string>
			<key>lastKnownFileType</key>
			<string>sourcecode.c.objc</string>
			<key>path</key>
			<string>RKDropdownAlert.m</string>
			<key>sourceTree</key>
			<string>&lt;group&gt;</string>
		</dict>
		<key>4A6E45891A6D8D5C00C28755</key>
		<dict>
			<key>fileRef</key>
			<string>4A6E45881A6D8D5C00C28755</string>
			<key>isa</key>
			<string>PBXBuildFile</string>
		</dict>
		<key>4A6E458A1A6D8D5C00C28755</key>
		<dict>
			<key>fileRef</key>
			<string>4A6E45881A6D8D5C00C28755</string>
			<key>isa</key>
			<string>PBXBuildFile</string>
		</dict>
		<key>4A6E458B1A6D8DC600C28755</key>
		<dict>
			<key>fileEncoding</key>
			<string>4</string>
			<key>isa</key>
			<string>PBXFileReference</string>
			<key>lastKnownFileType</key>
			<string>sourcecode.c.h</string>
			<key>path</key>
			<string>ZSSHomeTableViewController.h</string>
			<key>sourceTree</key>
			<string>&lt;group&gt;</string>
		</dict>
		<key>4A6E458C1A6D8DC600C28755</key>
		<dict>
			<key>fileEncoding</key>
			<string>4</string>
			<key>isa</key>
			<string>PBXFileReference</string>
			<key>lastKnownFileType</key>
			<string>sourcecode.c.objc</string>
			<key>path</key>
			<string>ZSSHomeTableViewController.m</string>
			<key>sourceTree</key>
			<string>&lt;group&gt;</string>
		</dict>
		<key>4A6E458D1A6D8DC600C28755</key>
		<dict>
			<key>fileRef</key>
			<string>4A6E458C1A6D8DC600C28755</string>
			<key>isa</key>
			<string>PBXBuildFile</string>
		</dict>
		<key>4A6E458E1A6D8DC600C28755</key>
		<dict>
			<key>fileRef</key>
			<string>4A6E458C1A6D8DC600C28755</string>
			<key>isa</key>
			<string>PBXBuildFile</string>
		</dict>
		<key>4A6E458F1A6D915C00C28755</key>
		<dict>
			<key>fileEncoding</key>
			<string>4</string>
			<key>isa</key>
			<string>PBXFileReference</string>
			<key>lastKnownFileType</key>
			<string>sourcecode.c.h</string>
			<key>path</key>
			<string>ZSSShakCell.h</string>
			<key>sourceTree</key>
			<string>&lt;group&gt;</string>
		</dict>
		<key>4A6E45901A6D915C00C28755</key>
		<dict>
			<key>fileEncoding</key>
			<string>4</string>
			<key>isa</key>
			<string>PBXFileReference</string>
			<key>lastKnownFileType</key>
			<string>sourcecode.c.objc</string>
			<key>path</key>
			<string>ZSSShakCell.m</string>
			<key>sourceTree</key>
			<string>&lt;group&gt;</string>
		</dict>
		<key>4A6E45911A6D915C00C28755</key>
		<dict>
			<key>fileEncoding</key>
			<string>4</string>
			<key>isa</key>
			<string>PBXFileReference</string>
			<key>lastKnownFileType</key>
			<string>file.xib</string>
			<key>path</key>
			<string>ZSSShakCell.xib</string>
			<key>sourceTree</key>
			<string>&lt;group&gt;</string>
		</dict>
		<key>4A6E45921A6D915C00C28755</key>
		<dict>
			<key>fileRef</key>
			<string>4A6E45901A6D915C00C28755</string>
			<key>isa</key>
			<string>PBXBuildFile</string>
		</dict>
		<key>4A6E45931A6D915C00C28755</key>
		<dict>
			<key>fileRef</key>
			<string>4A6E45901A6D915C00C28755</string>
			<key>isa</key>
			<string>PBXBuildFile</string>
		</dict>
		<key>4A6E45941A6D915C00C28755</key>
		<dict>
			<key>fileRef</key>
			<string>4A6E45911A6D915C00C28755</string>
			<key>isa</key>
			<string>PBXBuildFile</string>
		</dict>
		<key>4A6E45951A6D915C00C28755</key>
		<dict>
			<key>fileRef</key>
			<string>4A6E45911A6D915C00C28755</string>
			<key>isa</key>
			<string>PBXBuildFile</string>
		</dict>
		<key>4A6E45961A6D919300C28755</key>
		<dict>
			<key>children</key>
			<array>
				<string>4A09FE271A7557D500158152</string>
				<string>4A09FE281A7557D500158152</string>
			</array>
			<key>isa</key>
			<string>PBXGroup</string>
			<key>name</key>
			<string>Networking</string>
			<key>sourceTree</key>
			<string>&lt;group&gt;</string>
		</dict>
		<key>4A6E45971A6D948900C28755</key>
		<dict>
			<key>fileEncoding</key>
			<string>4</string>
			<key>isa</key>
			<string>PBXFileReference</string>
			<key>lastKnownFileType</key>
			<string>sourcecode.c.h</string>
			<key>path</key>
			<string>ZSSThemeColorPickerController.h</string>
			<key>sourceTree</key>
			<string>&lt;group&gt;</string>
		</dict>
		<key>4A6E45981A6D948900C28755</key>
		<dict>
			<key>fileEncoding</key>
			<string>4</string>
			<key>isa</key>
			<string>PBXFileReference</string>
			<key>lastKnownFileType</key>
			<string>sourcecode.c.objc</string>
			<key>path</key>
			<string>ZSSThemeColorPickerController.m</string>
			<key>sourceTree</key>
			<string>&lt;group&gt;</string>
		</dict>
		<key>4A6E45991A6D948900C28755</key>
		<dict>
			<key>fileEncoding</key>
			<string>4</string>
			<key>isa</key>
			<string>PBXFileReference</string>
			<key>lastKnownFileType</key>
			<string>file.xib</string>
			<key>path</key>
			<string>ZSSThemeColorPickerController.xib</string>
			<key>sourceTree</key>
			<string>&lt;group&gt;</string>
		</dict>
		<key>4A6E459A1A6D948900C28755</key>
		<dict>
			<key>fileRef</key>
			<string>4A6E45981A6D948900C28755</string>
			<key>isa</key>
			<string>PBXBuildFile</string>
		</dict>
		<key>4A6E459B1A6D948900C28755</key>
		<dict>
			<key>fileRef</key>
			<string>4A6E45981A6D948900C28755</string>
			<key>isa</key>
			<string>PBXBuildFile</string>
		</dict>
		<key>4A6E459C1A6D948900C28755</key>
		<dict>
			<key>fileRef</key>
			<string>4A6E45991A6D948900C28755</string>
			<key>isa</key>
			<string>PBXBuildFile</string>
		</dict>
		<key>4A6E459D1A6D948900C28755</key>
		<dict>
			<key>fileRef</key>
			<string>4A6E45991A6D948900C28755</string>
			<key>isa</key>
			<string>PBXBuildFile</string>
		</dict>
		<key>4A6FD3EA1A78A31000EDE95A</key>
		<dict>
			<key>fileEncoding</key>
			<string>4</string>
			<key>isa</key>
			<string>PBXFileReference</string>
			<key>lastKnownFileType</key>
			<string>sourcecode.c.h</string>
			<key>path</key>
			<string>AbstractActionSheetPicker.h</string>
			<key>sourceTree</key>
			<string>&lt;group&gt;</string>
		</dict>
		<key>4A6FD3EB1A78A31000EDE95A</key>
		<dict>
			<key>fileEncoding</key>
			<string>4</string>
			<key>isa</key>
			<string>PBXFileReference</string>
			<key>lastKnownFileType</key>
			<string>sourcecode.c.objc</string>
			<key>path</key>
			<string>AbstractActionSheetPicker.m</string>
			<key>sourceTree</key>
			<string>&lt;group&gt;</string>
		</dict>
		<key>4A6FD3EC1A78A31000EDE95A</key>
		<dict>
			<key>fileEncoding</key>
			<string>4</string>
			<key>isa</key>
			<string>PBXFileReference</string>
			<key>lastKnownFileType</key>
			<string>sourcecode.c.h</string>
			<key>path</key>
			<string>ActionSheetCustomPicker.h</string>
			<key>sourceTree</key>
			<string>&lt;group&gt;</string>
		</dict>
		<key>4A6FD3ED1A78A31000EDE95A</key>
		<dict>
			<key>fileEncoding</key>
			<string>4</string>
			<key>isa</key>
			<string>PBXFileReference</string>
			<key>lastKnownFileType</key>
			<string>sourcecode.c.objc</string>
			<key>path</key>
			<string>ActionSheetCustomPicker.m</string>
			<key>sourceTree</key>
			<string>&lt;group&gt;</string>
		</dict>
		<key>4A6FD3EE1A78A31000EDE95A</key>
		<dict>
			<key>fileEncoding</key>
			<string>4</string>
			<key>isa</key>
			<string>PBXFileReference</string>
			<key>lastKnownFileType</key>
			<string>sourcecode.c.h</string>
			<key>path</key>
			<string>ActionSheetCustomPickerDelegate.h</string>
			<key>sourceTree</key>
			<string>&lt;group&gt;</string>
		</dict>
		<key>4A6FD3EF1A78A31000EDE95A</key>
		<dict>
			<key>fileEncoding</key>
			<string>4</string>
			<key>isa</key>
			<string>PBXFileReference</string>
			<key>lastKnownFileType</key>
			<string>sourcecode.c.h</string>
			<key>path</key>
			<string>ActionSheetDatePicker.h</string>
			<key>sourceTree</key>
			<string>&lt;group&gt;</string>
		</dict>
		<key>4A6FD3F01A78A31000EDE95A</key>
		<dict>
			<key>fileEncoding</key>
			<string>4</string>
			<key>isa</key>
			<string>PBXFileReference</string>
			<key>lastKnownFileType</key>
			<string>sourcecode.c.objc</string>
			<key>path</key>
			<string>ActionSheetDatePicker.m</string>
			<key>sourceTree</key>
			<string>&lt;group&gt;</string>
		</dict>
		<key>4A6FD3F11A78A31000EDE95A</key>
		<dict>
			<key>fileEncoding</key>
			<string>4</string>
			<key>isa</key>
			<string>PBXFileReference</string>
			<key>lastKnownFileType</key>
			<string>sourcecode.c.h</string>
			<key>path</key>
			<string>ActionSheetDistancePicker.h</string>
			<key>sourceTree</key>
			<string>&lt;group&gt;</string>
		</dict>
		<key>4A6FD3F21A78A31000EDE95A</key>
		<dict>
			<key>fileEncoding</key>
			<string>4</string>
			<key>isa</key>
			<string>PBXFileReference</string>
			<key>lastKnownFileType</key>
			<string>sourcecode.c.objc</string>
			<key>path</key>
			<string>ActionSheetDistancePicker.m</string>
			<key>sourceTree</key>
			<string>&lt;group&gt;</string>
		</dict>
		<key>4A6FD3F31A78A31000EDE95A</key>
		<dict>
			<key>fileEncoding</key>
			<string>4</string>
			<key>isa</key>
			<string>PBXFileReference</string>
			<key>lastKnownFileType</key>
			<string>sourcecode.c.h</string>
			<key>path</key>
			<string>ActionSheetLocalePicker.h</string>
			<key>sourceTree</key>
			<string>&lt;group&gt;</string>
		</dict>
		<key>4A6FD3F41A78A31000EDE95A</key>
		<dict>
			<key>fileEncoding</key>
			<string>4</string>
			<key>isa</key>
			<string>PBXFileReference</string>
			<key>lastKnownFileType</key>
			<string>sourcecode.c.objc</string>
			<key>path</key>
			<string>ActionSheetLocalePicker.m</string>
			<key>sourceTree</key>
			<string>&lt;group&gt;</string>
		</dict>
		<key>4A6FD3F51A78A31000EDE95A</key>
		<dict>
			<key>fileEncoding</key>
			<string>4</string>
			<key>isa</key>
			<string>PBXFileReference</string>
			<key>lastKnownFileType</key>
			<string>sourcecode.c.h</string>
			<key>path</key>
			<string>ActionSheetPicker.h</string>
			<key>sourceTree</key>
			<string>&lt;group&gt;</string>
		</dict>
		<key>4A6FD3F61A78A31000EDE95A</key>
		<dict>
			<key>fileEncoding</key>
			<string>4</string>
			<key>isa</key>
			<string>PBXFileReference</string>
			<key>lastKnownFileType</key>
			<string>sourcecode.c.h</string>
			<key>path</key>
			<string>ActionSheetStringPicker.h</string>
			<key>sourceTree</key>
			<string>&lt;group&gt;</string>
		</dict>
		<key>4A6FD3F71A78A31000EDE95A</key>
		<dict>
			<key>fileEncoding</key>
			<string>4</string>
			<key>isa</key>
			<string>PBXFileReference</string>
			<key>lastKnownFileType</key>
			<string>sourcecode.c.objc</string>
			<key>path</key>
			<string>ActionSheetStringPicker.m</string>
			<key>sourceTree</key>
			<string>&lt;group&gt;</string>
		</dict>
		<key>4A6FD3F81A78A31000EDE95A</key>
		<dict>
			<key>fileEncoding</key>
			<string>4</string>
			<key>isa</key>
			<string>PBXFileReference</string>
			<key>lastKnownFileType</key>
			<string>sourcecode.c.h</string>
			<key>path</key>
			<string>DistancePickerView.h</string>
			<key>sourceTree</key>
			<string>&lt;group&gt;</string>
		</dict>
		<key>4A6FD3F91A78A31000EDE95A</key>
		<dict>
			<key>fileEncoding</key>
			<string>4</string>
			<key>isa</key>
			<string>PBXFileReference</string>
			<key>lastKnownFileType</key>
			<string>sourcecode.c.objc</string>
			<key>path</key>
			<string>DistancePickerView.m</string>
			<key>sourceTree</key>
			<string>&lt;group&gt;</string>
		</dict>
		<key>4A6FD3FA1A78A31000EDE95A</key>
		<dict>
			<key>fileEncoding</key>
			<string>4</string>
			<key>isa</key>
			<string>PBXFileReference</string>
			<key>lastKnownFileType</key>
			<string>sourcecode.c.h</string>
			<key>path</key>
			<string>SWActionSheet.h</string>
			<key>sourceTree</key>
			<string>&lt;group&gt;</string>
		</dict>
		<key>4A6FD3FB1A78A31000EDE95A</key>
		<dict>
			<key>fileEncoding</key>
			<string>4</string>
			<key>isa</key>
			<string>PBXFileReference</string>
			<key>lastKnownFileType</key>
			<string>sourcecode.c.objc</string>
			<key>path</key>
			<string>SWActionSheet.m</string>
			<key>sourceTree</key>
			<string>&lt;group&gt;</string>
		</dict>
		<key>4A6FD3FC1A78A31000EDE95A</key>
		<dict>
			<key>fileRef</key>
			<string>4A6FD3EB1A78A31000EDE95A</string>
			<key>isa</key>
			<string>PBXBuildFile</string>
		</dict>
		<key>4A6FD3FD1A78A31000EDE95A</key>
		<dict>
			<key>fileRef</key>
			<string>4A6FD3ED1A78A31000EDE95A</string>
			<key>isa</key>
			<string>PBXBuildFile</string>
		</dict>
		<key>4A6FD3FE1A78A31000EDE95A</key>
		<dict>
			<key>fileRef</key>
			<string>4A6FD3F01A78A31000EDE95A</string>
			<key>isa</key>
			<string>PBXBuildFile</string>
		</dict>
		<key>4A6FD3FF1A78A31000EDE95A</key>
		<dict>
			<key>fileRef</key>
			<string>4A6FD3F21A78A31000EDE95A</string>
			<key>isa</key>
			<string>PBXBuildFile</string>
		</dict>
		<key>4A6FD4001A78A31000EDE95A</key>
		<dict>
			<key>fileRef</key>
			<string>4A6FD3F41A78A31000EDE95A</string>
			<key>isa</key>
			<string>PBXBuildFile</string>
		</dict>
		<key>4A6FD4011A78A31000EDE95A</key>
		<dict>
			<key>fileRef</key>
			<string>4A6FD3F71A78A31000EDE95A</string>
			<key>isa</key>
			<string>PBXBuildFile</string>
		</dict>
		<key>4A6FD4021A78A31000EDE95A</key>
		<dict>
			<key>fileRef</key>
			<string>4A6FD3F91A78A31000EDE95A</string>
			<key>isa</key>
			<string>PBXBuildFile</string>
		</dict>
		<key>4A6FD4031A78A31000EDE95A</key>
		<dict>
			<key>fileRef</key>
			<string>4A6FD3FB1A78A31000EDE95A</string>
			<key>isa</key>
			<string>PBXBuildFile</string>
		</dict>
		<key>4A6FD4041A78A31700EDE95A</key>
		<dict>
			<key>children</key>
			<array>
				<string>4A6FD3EA1A78A31000EDE95A</string>
				<string>4A6FD3EB1A78A31000EDE95A</string>
				<string>4A6FD3EC1A78A31000EDE95A</string>
				<string>4A6FD3ED1A78A31000EDE95A</string>
				<string>4A6FD3EE1A78A31000EDE95A</string>
				<string>4A6FD3EF1A78A31000EDE95A</string>
				<string>4A6FD3F01A78A31000EDE95A</string>
				<string>4A6FD3F11A78A31000EDE95A</string>
				<string>4A6FD3F21A78A31000EDE95A</string>
				<string>4A6FD3F31A78A31000EDE95A</string>
				<string>4A6FD3F41A78A31000EDE95A</string>
				<string>4A6FD3F51A78A31000EDE95A</string>
				<string>4A6FD3F61A78A31000EDE95A</string>
				<string>4A6FD3F71A78A31000EDE95A</string>
				<string>4A6FD3F81A78A31000EDE95A</string>
				<string>4A6FD3F91A78A31000EDE95A</string>
				<string>4A6FD3FA1A78A31000EDE95A</string>
				<string>4A6FD3FB1A78A31000EDE95A</string>
			</array>
			<key>isa</key>
			<string>PBXGroup</string>
			<key>name</key>
			<string>ActionSheets</string>
			<key>sourceTree</key>
			<string>&lt;group&gt;</string>
		</dict>
		<key>4A6FD4051A78B05A00EDE95A</key>
		<dict>
			<key>fileEncoding</key>
			<string>4</string>
			<key>isa</key>
			<string>PBXFileReference</string>
			<key>lastKnownFileType</key>
			<string>sourcecode.c.objc</string>
			<key>path</key>
			<string>testZSSCloudQuerier.m</string>
			<key>sourceTree</key>
			<string>&lt;group&gt;</string>
		</dict>
		<key>4A6FD4061A78B05A00EDE95A</key>
		<dict>
			<key>fileRef</key>
			<string>4A6FD4051A78B05A00EDE95A</string>
			<key>isa</key>
			<string>PBXBuildFile</string>
		</dict>
		<key>4A8CBC6D1A78974600CE5EA6</key>
		<dict>
			<key>isa</key>
			<string>PBXFileReference</string>
			<key>lastKnownFileType</key>
			<string>image.png</string>
			<key>path</key>
			<string>play-30.png</string>
			<key>sourceTree</key>
			<string>&lt;group&gt;</string>
		</dict>
		<key>4A8CBC6E1A78974600CE5EA6</key>
		<dict>
			<key>isa</key>
			<string>PBXFileReference</string>
			<key>lastKnownFileType</key>
			<string>image.png</string>
			<key>path</key>
			<string>play-60.png</string>
			<key>sourceTree</key>
			<string>&lt;group&gt;</string>
		</dict>
		<key>4A8CBC6F1A78974600CE5EA6</key>
		<dict>
			<key>isa</key>
			<string>PBXFileReference</string>
			<key>lastKnownFileType</key>
			<string>image.png</string>
			<key>path</key>
			<string>play-90.png</string>
			<key>sourceTree</key>
			<string>&lt;group&gt;</string>
		</dict>
		<key>4A8CBC701A78974600CE5EA6</key>
		<dict>
			<key>isa</key>
			<string>PBXFileReference</string>
			<key>lastKnownFileType</key>
			<string>image.png</string>
			<key>path</key>
			<string>voice_recognition_scan-30.png</string>
			<key>sourceTree</key>
			<string>&lt;group&gt;</string>
		</dict>
		<key>4A8CBC711A78974600CE5EA6</key>
		<dict>
			<key>isa</key>
			<string>PBXFileReference</string>
			<key>lastKnownFileType</key>
			<string>image.png</string>
			<key>path</key>
			<string>voice_recognition_scan-60-2.png</string>
			<key>sourceTree</key>
			<string>&lt;group&gt;</string>
		</dict>
		<key>4A8CBC721A78974600CE5EA6</key>
		<dict>
			<key>isa</key>
			<string>PBXFileReference</string>
			<key>lastKnownFileType</key>
			<string>image.png</string>
			<key>path</key>
			<string>voice_recognition_scan-90.png</string>
			<key>sourceTree</key>
			<string>&lt;group&gt;</string>
		</dict>
		<key>4A8CBC731A78974600CE5EA6</key>
		<dict>
			<key>fileRef</key>
			<string>4A8CBC6D1A78974600CE5EA6</string>
			<key>isa</key>
			<string>PBXBuildFile</string>
		</dict>
		<key>4A8CBC741A78974600CE5EA6</key>
		<dict>
			<key>fileRef</key>
			<string>4A8CBC6E1A78974600CE5EA6</string>
			<key>isa</key>
			<string>PBXBuildFile</string>
		</dict>
		<key>4A8CBC751A78974600CE5EA6</key>
		<dict>
			<key>fileRef</key>
			<string>4A8CBC6F1A78974600CE5EA6</string>
			<key>isa</key>
			<string>PBXBuildFile</string>
		</dict>
		<key>4A8CBC761A78974600CE5EA6</key>
		<dict>
			<key>fileRef</key>
			<string>4A8CBC701A78974600CE5EA6</string>
			<key>isa</key>
			<string>PBXBuildFile</string>
		</dict>
		<key>4A8CBC771A78974600CE5EA6</key>
		<dict>
			<key>fileRef</key>
			<string>4A8CBC711A78974600CE5EA6</string>
			<key>isa</key>
			<string>PBXBuildFile</string>
		</dict>
		<key>4A8CBC781A78974600CE5EA6</key>
		<dict>
			<key>fileRef</key>
			<string>4A8CBC721A78974600CE5EA6</string>
			<key>isa</key>
			<string>PBXBuildFile</string>
		</dict>
		<key>4A8CDE141A6D7DF700044CF8</key>
		<dict>
			<key>children</key>
			<array>
				<string>4AA0FF1F1A6D82BD003EEC88</string>
				<string>4A8CDE1F1A6D7DF700044CF8</string>
				<string>4A8CDE391A6D7DF700044CF8</string>
				<string>4A8CDE1E1A6D7DF700044CF8</string>
				<string>3698FB8750A8AF0CED44675B</string>
				<string>3DC3D11A710ABE7D038F910C</string>
			</array>
			<key>isa</key>
			<string>PBXGroup</string>
			<key>sourceTree</key>
			<string>&lt;group&gt;</string>
		</dict>
		<key>4A8CDE151A6D7DF700044CF8</key>
		<dict>
			<key>attributes</key>
			<dict>
				<key>LastUpgradeCheck</key>
				<string>0610</string>
				<key>ORGANIZATIONNAME</key>
				<string>Shakked Inc.</string>
				<key>TargetAttributes</key>
				<dict>
					<key>4A8CDE1C1A6D7DF700044CF8</key>
					<dict>
						<key>CreatedOnToolsVersion</key>
						<string>6.1.1</string>
					</dict>
					<key>4A8CDE351A6D7DF700044CF8</key>
					<dict>
						<key>CreatedOnToolsVersion</key>
						<string>6.1.1</string>
						<key>TestTargetID</key>
						<string>4A8CDE1C1A6D7DF700044CF8</string>
					</dict>
				</dict>
			</dict>
			<key>buildConfigurationList</key>
			<string>4A8CDE181A6D7DF700044CF8</string>
			<key>compatibilityVersion</key>
			<string>Xcode 3.2</string>
			<key>developmentRegion</key>
			<string>English</string>
			<key>hasScannedForEncodings</key>
			<string>0</string>
			<key>isa</key>
			<string>PBXProject</string>
			<key>knownRegions</key>
			<array>
				<string>en</string>
				<string>Base</string>
			</array>
			<key>mainGroup</key>
			<string>4A8CDE141A6D7DF700044CF8</string>
			<key>productRefGroup</key>
			<string>4A8CDE1E1A6D7DF700044CF8</string>
			<key>projectDirPath</key>
			<string></string>
			<key>projectReferences</key>
			<array/>
			<key>projectRoot</key>
			<string></string>
			<key>targets</key>
			<array>
				<string>4A8CDE1C1A6D7DF700044CF8</string>
				<string>4A8CDE351A6D7DF700044CF8</string>
			</array>
		</dict>
		<key>4A8CDE181A6D7DF700044CF8</key>
		<dict>
			<key>buildConfigurations</key>
			<array>
				<string>4A8CDE3E1A6D7DF700044CF8</string>
				<string>4A8CDE3F1A6D7DF700044CF8</string>
			</array>
			<key>defaultConfigurationIsVisible</key>
			<string>0</string>
			<key>defaultConfigurationName</key>
			<string>Release</string>
			<key>isa</key>
			<string>XCConfigurationList</string>
		</dict>
		<key>4A8CDE191A6D7DF700044CF8</key>
		<dict>
			<key>buildActionMask</key>
			<string>2147483647</string>
			<key>files</key>
			<array>
				<string>4AA0FF251A6D835C003EEC88</string>
				<string>4A6FD4011A78A31000EDE95A</string>
				<string>4A6E45891A6D8D5C00C28755</string>
				<string>4A3B34991A6F538100D27143</string>
				<string>4A09FE341A75627200158152</string>
				<string>4AA0FF211A6D82BD003EEC88</string>
				<string>4A09FE291A7557D500158152</string>
				<string>4A8CDE261A6D7DF700044CF8</string>
				<string>4A8CDE231A6D7DF700044CF8</string>
				<string>4AA0FF321A6D8503003EEC88</string>
				<string>4A6FD4001A78A31000EDE95A</string>
				<string>4A6E45921A6D915C00C28755</string>
				<string>4A09FE321A75627200158152</string>
				<string>4A6FD3FC1A78A31000EDE95A</string>
				<string>4A6E459A1A6D948900C28755</string>
				<string>4AA0FF361A6D86F3003EEC88</string>
				<string>4A98D8531A73689E00893961</string>
				<string>4A6FD4021A78A31000EDE95A</string>
				<string>4A6FD3FE1A78A31000EDE95A</string>
				<string>4AEC44591A6E085F003E2D98</string>
				<string>4A6E45831A6D88DD00C28755</string>
				<string>4A6E458D1A6D8DC600C28755</string>
				<string>4AC864A91A776A8100FE4C43</string>
				<string>4A6FD4031A78A31000EDE95A</string>
				<string>4A6FD3FF1A78A31000EDE95A</string>
				<string>4AC174E11A77665100A68263</string>
				<string>4A6FD3FD1A78A31000EDE95A</string>
			</array>
			<key>isa</key>
			<string>PBXSourcesBuildPhase</string>
			<key>runOnlyForDeploymentPostprocessing</key>
			<string>0</string>
		</dict>
		<key>4A8CDE1A1A6D7DF700044CF8</key>
		<dict>
			<key>buildActionMask</key>
			<string>2147483647</string>
			<key>files</key>
			<array>
				<string>4A98D84C1A73670000893961</string>
				<string>64F6F925A5972FC8D88263A4</string>
			</array>
			<key>isa</key>
			<string>PBXFrameworksBuildPhase</string>
			<key>runOnlyForDeploymentPostprocessing</key>
			<string>0</string>
		</dict>
		<key>4A8CDE1B1A6D7DF700044CF8</key>
		<dict>
			<key>buildActionMask</key>
			<string>2147483647</string>
			<key>files</key>
			<array>
				<string>4A09FE2C1A75614200158152</string>
				<string>4AC174DC1A77642300A68263</string>
				<string>4A8CBC741A78974600CE5EA6</string>
				<string>4AC864AA1A776A8100FE4C43</string>
				<string>4A67BF6F1A777A4B00601CA9</string>
				<string>4A6E459C1A6D948900C28755</string>
				<string>4A8CDE311A6D7DF700044CF8</string>
				<string>4A67BF571A77756700601CA9</string>
				<string>4A67BF551A77756700601CA9</string>
				<string>4A8CBC731A78974600CE5EA6</string>
				<string>4A8CBC781A78974600CE5EA6</string>
				<string>4A8CBC771A78974600CE5EA6</string>
				<string>4A67BF6E1A777A4B00601CA9</string>
				<string>4A8CDE2E1A6D7DF700044CF8</string>
				<string>4A67BF6D1A777A4B00601CA9</string>
				<string>4A67BF561A77756700601CA9</string>
				<string>4A8CBC751A78974600CE5EA6</string>
				<string>4AC174DB1A77642300A68263</string>
				<string>4AC174E21A77665100A68263</string>
				<string>4AC174DA1A77642300A68263</string>
				<string>4A8CBC761A78974600CE5EA6</string>
				<string>4A6E45851A6D88DD00C28755</string>
				<string>4A6E45941A6D915C00C28755</string>
			</array>
			<key>isa</key>
			<string>PBXResourcesBuildPhase</string>
			<key>runOnlyForDeploymentPostprocessing</key>
			<string>0</string>
		</dict>
		<key>4A8CDE1C1A6D7DF700044CF8</key>
		<dict>
			<key>buildConfigurationList</key>
			<string>4A8CDE401A6D7DF700044CF8</string>
			<key>buildPhases</key>
			<array>
				<string>1548D980204C22782ED42705</string>
				<string>4A8CDE191A6D7DF700044CF8</string>
				<string>4A8CDE1A1A6D7DF700044CF8</string>
				<string>4A8CDE1B1A6D7DF700044CF8</string>
				<string>0E219D20AB154E2FFA987571</string>
			</array>
			<key>buildRules</key>
			<array/>
			<key>dependencies</key>
			<array/>
			<key>isa</key>
			<string>PBXNativeTarget</string>
			<key>name</key>
			<string>Shik Shak</string>
			<key>productName</key>
			<string>Shik Shak</string>
			<key>productReference</key>
			<string>4A8CDE1D1A6D7DF700044CF8</string>
			<key>productType</key>
			<string>com.apple.product-type.application</string>
		</dict>
		<key>4A8CDE1D1A6D7DF700044CF8</key>
		<dict>
			<key>explicitFileType</key>
			<string>wrapper.application</string>
			<key>includeInIndex</key>
			<string>0</string>
			<key>isa</key>
			<string>PBXFileReference</string>
			<key>path</key>
			<string>Shik Shak.app</string>
			<key>sourceTree</key>
			<string>BUILT_PRODUCTS_DIR</string>
		</dict>
		<key>4A8CDE1E1A6D7DF700044CF8</key>
		<dict>
			<key>children</key>
			<array>
				<string>4A8CDE1D1A6D7DF700044CF8</string>
				<string>4A8CDE361A6D7DF700044CF8</string>
			</array>
			<key>isa</key>
			<string>PBXGroup</string>
			<key>name</key>
			<string>Products</string>
			<key>sourceTree</key>
			<string>&lt;group&gt;</string>
		</dict>
		<key>4A8CDE1F1A6D7DF700044CF8</key>
		<dict>
			<key>children</key>
			<array>
				<string>4AC174DD1A77642A00A68263</string>
				<string>4A8CDE2D1A6D7DF700044CF8</string>
				<string>4A8CDE241A6D7DF700044CF8</string>
				<string>4A8CDE251A6D7DF700044CF8</string>
				<string>4A6E458B1A6D8DC600C28755</string>
				<string>4A6E458C1A6D8DC600C28755</string>
				<string>4A6E45971A6D948900C28755</string>
				<string>4A6E45981A6D948900C28755</string>
				<string>4A6E45991A6D948900C28755</string>
				<string>4A6E45801A6D88DD00C28755</string>
				<string>4A6E45811A6D88DD00C28755</string>
				<string>4A6E45821A6D88DD00C28755</string>
				<string>4AC174DE1A77665100A68263</string>
				<string>4AC174DF1A77665100A68263</string>
				<string>4AC174E01A77665100A68263</string>
				<string>4AC864A61A776A8100FE4C43</string>
				<string>4AC864A71A776A8100FE4C43</string>
				<string>4AC864A81A776A8100FE4C43</string>
				<string>4A6E458F1A6D915C00C28755</string>
				<string>4A6E45901A6D915C00C28755</string>
				<string>4A6E45911A6D915C00C28755</string>
				<string>4A3B34971A6F538100D27143</string>
				<string>4A3B34981A6F538100D27143</string>
				<string>4A98D8551A7368A700893961</string>
				<string>4AA0FF2F1A6D83D9003EEC88</string>
				<string>4A6E45961A6D919300C28755</string>
				<string>4A8CDE2F1A6D7DF700044CF8</string>
				<string>4A8CDE201A6D7DF700044CF8</string>
			</array>
			<key>isa</key>
			<string>PBXGroup</string>
			<key>path</key>
			<string>Shik Shak</string>
			<key>sourceTree</key>
			<string>&lt;group&gt;</string>
		</dict>
		<key>4A8CDE201A6D7DF700044CF8</key>
		<dict>
			<key>children</key>
			<array>
				<string>4A6E45871A6D8D5C00C28755</string>
				<string>4A6E45881A6D8D5C00C28755</string>
				<string>4AA0FF341A6D86F3003EEC88</string>
				<string>4AA0FF351A6D86F3003EEC88</string>
				<string>4A6FD4041A78A31700EDE95A</string>
				<string>4A8CDE211A6D7DF700044CF8</string>
				<string>4A8CDE221A6D7DF700044CF8</string>
				<string>4A09FE2B1A75614200158152</string>
			</array>
			<key>isa</key>
			<string>PBXGroup</string>
			<key>name</key>
			<string>Supporting Files</string>
			<key>sourceTree</key>
			<string>&lt;group&gt;</string>
		</dict>
		<key>4A8CDE211A6D7DF700044CF8</key>
		<dict>
			<key>isa</key>
			<string>PBXFileReference</string>
			<key>lastKnownFileType</key>
			<string>text.plist.xml</string>
			<key>path</key>
			<string>Info.plist</string>
			<key>sourceTree</key>
			<string>&lt;group&gt;</string>
		</dict>
		<key>4A8CDE221A6D7DF700044CF8</key>
		<dict>
			<key>isa</key>
			<string>PBXFileReference</string>
			<key>lastKnownFileType</key>
			<string>sourcecode.c.objc</string>
			<key>path</key>
			<string>main.m</string>
			<key>sourceTree</key>
			<string>&lt;group&gt;</string>
		</dict>
		<key>4A8CDE231A6D7DF700044CF8</key>
		<dict>
			<key>fileRef</key>
			<string>4A8CDE221A6D7DF700044CF8</string>
			<key>isa</key>
			<string>PBXBuildFile</string>
		</dict>
		<key>4A8CDE241A6D7DF700044CF8</key>
		<dict>
			<key>isa</key>
			<string>PBXFileReference</string>
			<key>lastKnownFileType</key>
			<string>sourcecode.c.h</string>
			<key>path</key>
			<string>AppDelegate.h</string>
			<key>sourceTree</key>
			<string>&lt;group&gt;</string>
		</dict>
		<key>4A8CDE251A6D7DF700044CF8</key>
		<dict>
			<key>isa</key>
			<string>PBXFileReference</string>
			<key>lastKnownFileType</key>
			<string>sourcecode.c.objc</string>
			<key>path</key>
			<string>AppDelegate.m</string>
			<key>sourceTree</key>
			<string>&lt;group&gt;</string>
		</dict>
		<key>4A8CDE261A6D7DF700044CF8</key>
		<dict>
			<key>fileRef</key>
			<string>4A8CDE251A6D7DF700044CF8</string>
			<key>isa</key>
			<string>PBXBuildFile</string>
		</dict>
		<key>4A8CDE2D1A6D7DF700044CF8</key>
		<dict>
			<key>isa</key>
			<string>PBXFileReference</string>
			<key>lastKnownFileType</key>
			<string>folder.assetcatalog</string>
			<key>path</key>
			<string>Images.xcassets</string>
			<key>sourceTree</key>
			<string>&lt;group&gt;</string>
		</dict>
		<key>4A8CDE2E1A6D7DF700044CF8</key>
		<dict>
			<key>fileRef</key>
			<string>4A8CDE2D1A6D7DF700044CF8</string>
			<key>isa</key>
			<string>PBXBuildFile</string>
		</dict>
		<key>4A8CDE2F1A6D7DF700044CF8</key>
		<dict>
			<key>children</key>
			<array>
				<string>4A8CDE301A6D7DF700044CF8</string>
			</array>
			<key>isa</key>
			<string>PBXVariantGroup</string>
			<key>name</key>
			<string>LaunchScreen.xib</string>
			<key>sourceTree</key>
			<string>&lt;group&gt;</string>
		</dict>
		<key>4A8CDE301A6D7DF700044CF8</key>
		<dict>
			<key>isa</key>
			<string>PBXFileReference</string>
			<key>lastKnownFileType</key>
			<string>file.xib</string>
			<key>name</key>
			<string>Base</string>
			<key>path</key>
			<string>Base.lproj/LaunchScreen.xib</string>
			<key>sourceTree</key>
			<string>&lt;group&gt;</string>
		</dict>
		<key>4A8CDE311A6D7DF700044CF8</key>
		<dict>
			<key>fileRef</key>
			<string>4A8CDE2F1A6D7DF700044CF8</string>
			<key>isa</key>
			<string>PBXBuildFile</string>
		</dict>
		<key>4A8CDE321A6D7DF700044CF8</key>
		<dict>
			<key>buildActionMask</key>
			<string>2147483647</string>
			<key>files</key>
			<array>
				<string>4A98D8541A73689E00893961</string>
				<string>4A1B592F1A736C190014A45A</string>
				<string>4AA0FF221A6D82BD003EEC88</string>
				<string>4A8CDE3D1A6D7DF700044CF8</string>
				<string>4A09FE2A1A7557D500158152</string>
				<string>4A6E45931A6D915C00C28755</string>
				<string>4A6E45841A6D88DD00C28755</string>
				<string>4A6E458A1A6D8D5C00C28755</string>
				<string>4AA0FF371A6D86F3003EEC88</string>
				<string>4A6E458E1A6D8DC600C28755</string>
				<string>4A98D84A1A73626800893961</string>
				<string>4AA0FF331A6D8503003EEC88</string>
				<string>4A98D8481A73610A00893961</string>
				<string>4A09FE351A75627200158152</string>
				<string>4A09FE331A75627200158152</string>
				<string>4AEC445A1A6E085F003E2D98</string>
				<string>4A6FD4061A78B05A00EDE95A</string>
				<string>4AA0FF261A6D835C003EEC88</string>
				<string>4AEC446D1A6E1F54003E2D98</string>
				<string>4A6E459B1A6D948900C28755</string>
			</array>
			<key>isa</key>
			<string>PBXSourcesBuildPhase</string>
			<key>runOnlyForDeploymentPostprocessing</key>
			<string>0</string>
		</dict>
		<key>4A8CDE331A6D7DF700044CF8</key>
		<dict>
			<key>buildActionMask</key>
			<string>2147483647</string>
			<key>files</key>
			<array>
				<string>4A98D84D1A73670900893961</string>
				<string>F43D911D689341A7538E4068</string>
			</array>
			<key>isa</key>
			<string>PBXFrameworksBuildPhase</string>
			<key>runOnlyForDeploymentPostprocessing</key>
			<string>0</string>
		</dict>
		<key>4A8CDE341A6D7DF700044CF8</key>
		<dict>
			<key>buildActionMask</key>
			<string>2147483647</string>
			<key>files</key>
			<array>
				<string>4A09FE2D1A75614200158152</string>
				<string>4A6E459D1A6D948900C28755</string>
				<string>4A6E45861A6D88DD00C28755</string>
				<string>4A6E45951A6D915C00C28755</string>
			</array>
			<key>isa</key>
			<string>PBXResourcesBuildPhase</string>
			<key>runOnlyForDeploymentPostprocessing</key>
			<string>0</string>
		</dict>
		<key>4A8CDE351A6D7DF700044CF8</key>
		<dict>
			<key>buildConfigurationList</key>
			<string>4A8CDE431A6D7DF700044CF8</string>
			<key>buildPhases</key>
			<array>
				<string>AE851EFC22C0C08C2039674E</string>
				<string>4A8CDE321A6D7DF700044CF8</string>
				<string>4A8CDE331A6D7DF700044CF8</string>
				<string>4A8CDE341A6D7DF700044CF8</string>
				<string>CA79CD7EBAF2E72E7854FF1B</string>
			</array>
			<key>buildRules</key>
			<array/>
			<key>dependencies</key>
			<array>
				<string>4A8CDE381A6D7DF700044CF8</string>
			</array>
			<key>isa</key>
			<string>PBXNativeTarget</string>
			<key>name</key>
			<string>Shik ShakTests</string>
			<key>productName</key>
			<string>Shik ShakTests</string>
			<key>productReference</key>
			<string>4A8CDE361A6D7DF700044CF8</string>
			<key>productType</key>
			<string>com.apple.product-type.bundle.unit-test</string>
		</dict>
		<key>4A8CDE361A6D7DF700044CF8</key>
		<dict>
			<key>explicitFileType</key>
			<string>wrapper.cfbundle</string>
			<key>includeInIndex</key>
			<string>0</string>
			<key>isa</key>
			<string>PBXFileReference</string>
			<key>path</key>
			<string>Shik ShakTests.xctest</string>
			<key>sourceTree</key>
			<string>BUILT_PRODUCTS_DIR</string>
		</dict>
		<key>4A8CDE371A6D7DF700044CF8</key>
		<dict>
			<key>containerPortal</key>
			<string>4A8CDE151A6D7DF700044CF8</string>
			<key>isa</key>
			<string>PBXContainerItemProxy</string>
			<key>proxyType</key>
			<string>1</string>
			<key>remoteGlobalIDString</key>
			<string>4A8CDE1C1A6D7DF700044CF8</string>
			<key>remoteInfo</key>
			<string>Shik Shak</string>
		</dict>
		<key>4A8CDE381A6D7DF700044CF8</key>
		<dict>
			<key>isa</key>
			<string>PBXTargetDependency</string>
			<key>target</key>
			<string>4A8CDE1C1A6D7DF700044CF8</string>
			<key>targetProxy</key>
			<string>4A8CDE371A6D7DF700044CF8</string>
		</dict>
		<key>4A8CDE391A6D7DF700044CF8</key>
		<dict>
			<key>children</key>
			<array>
				<string>4A8CDE3C1A6D7DF700044CF8</string>
				<string>4AEC446C1A6E1F54003E2D98</string>
				<string>4A6FD4051A78B05A00EDE95A</string>
				<string>4A98D8471A73610A00893961</string>
				<string>4A98D8491A73626800893961</string>
				<string>4A1B592E1A736C190014A45A</string>
				<string>4A8CDE3A1A6D7DF700044CF8</string>
			</array>
			<key>isa</key>
			<string>PBXGroup</string>
			<key>path</key>
			<string>Shik ShakTests</string>
			<key>sourceTree</key>
			<string>&lt;group&gt;</string>
		</dict>
		<key>4A8CDE3A1A6D7DF700044CF8</key>
		<dict>
			<key>children</key>
			<array>
				<string>4A8CDE3B1A6D7DF700044CF8</string>
			</array>
			<key>isa</key>
			<string>PBXGroup</string>
			<key>name</key>
			<string>Supporting Files</string>
			<key>sourceTree</key>
			<string>&lt;group&gt;</string>
		</dict>
		<key>4A8CDE3B1A6D7DF700044CF8</key>
		<dict>
			<key>isa</key>
			<string>PBXFileReference</string>
			<key>lastKnownFileType</key>
			<string>text.plist.xml</string>
			<key>path</key>
			<string>Info.plist</string>
			<key>sourceTree</key>
			<string>&lt;group&gt;</string>
		</dict>
		<key>4A8CDE3C1A6D7DF700044CF8</key>
		<dict>
			<key>isa</key>
			<string>PBXFileReference</string>
			<key>lastKnownFileType</key>
			<string>sourcecode.c.objc</string>
			<key>path</key>
			<string>Shik_ShakTests.m</string>
			<key>sourceTree</key>
			<string>&lt;group&gt;</string>
		</dict>
		<key>4A8CDE3D1A6D7DF700044CF8</key>
		<dict>
			<key>fileRef</key>
			<string>4A8CDE3C1A6D7DF700044CF8</string>
			<key>isa</key>
			<string>PBXBuildFile</string>
		</dict>
		<key>4A8CDE3E1A6D7DF700044CF8</key>
		<dict>
			<key>buildSettings</key>
			<dict>
				<key>ALWAYS_SEARCH_USER_PATHS</key>
				<string>NO</string>
				<key>CLANG_CXX_LANGUAGE_STANDARD</key>
				<string>gnu++0x</string>
				<key>CLANG_CXX_LIBRARY</key>
				<string>libc++</string>
				<key>CLANG_ENABLE_MODULES</key>
				<string>YES</string>
				<key>CLANG_ENABLE_OBJC_ARC</key>
				<string>YES</string>
				<key>CLANG_WARN_BOOL_CONVERSION</key>
				<string>YES</string>
				<key>CLANG_WARN_CONSTANT_CONVERSION</key>
				<string>YES</string>
				<key>CLANG_WARN_DIRECT_OBJC_ISA_USAGE</key>
				<string>YES_ERROR</string>
				<key>CLANG_WARN_EMPTY_BODY</key>
				<string>YES</string>
				<key>CLANG_WARN_ENUM_CONVERSION</key>
				<string>YES</string>
				<key>CLANG_WARN_INT_CONVERSION</key>
				<string>YES</string>
				<key>CLANG_WARN_OBJC_ROOT_CLASS</key>
				<string>YES_ERROR</string>
				<key>CLANG_WARN_UNREACHABLE_CODE</key>
				<string>YES</string>
				<key>CLANG_WARN__DUPLICATE_METHOD_MATCH</key>
				<string>YES</string>
				<key>CODE_SIGN_IDENTITY[sdk=iphoneos*]</key>
				<string>iPhone Developer</string>
				<key>COPY_PHASE_STRIP</key>
				<string>NO</string>
				<key>ENABLE_STRICT_OBJC_MSGSEND</key>
				<string>YES</string>
				<key>GCC_C_LANGUAGE_STANDARD</key>
				<string>gnu99</string>
				<key>GCC_DYNAMIC_NO_PIC</key>
				<string>NO</string>
				<key>GCC_OPTIMIZATION_LEVEL</key>
				<string>0</string>
				<key>GCC_PREPROCESSOR_DEFINITIONS</key>
				<array>
					<string>DEBUG=1</string>
					<string>$(inherited)</string>
				</array>
				<key>GCC_SYMBOLS_PRIVATE_EXTERN</key>
				<string>NO</string>
				<key>GCC_WARN_64_TO_32_BIT_CONVERSION</key>
				<string>YES</string>
				<key>GCC_WARN_ABOUT_RETURN_TYPE</key>
				<string>YES_ERROR</string>
				<key>GCC_WARN_UNDECLARED_SELECTOR</key>
				<string>YES</string>
				<key>GCC_WARN_UNINITIALIZED_AUTOS</key>
				<string>YES_AGGRESSIVE</string>
				<key>GCC_WARN_UNUSED_FUNCTION</key>
				<string>YES</string>
				<key>GCC_WARN_UNUSED_VARIABLE</key>
				<string>YES</string>
				<key>IPHONEOS_DEPLOYMENT_TARGET</key>
				<string>8.1</string>
				<key>MTL_ENABLE_DEBUG_INFO</key>
				<string>YES</string>
				<key>New_Setting</key>
				<string></string>
				<key>ONLY_ACTIVE_ARCH</key>
				<string>YES</string>
				<key>SDKROOT</key>
				<string>iphoneos</string>
			</dict>
			<key>isa</key>
			<string>XCBuildConfiguration</string>
			<key>name</key>
			<string>Debug</string>
		</dict>
		<key>4A8CDE3F1A6D7DF700044CF8</key>
		<dict>
			<key>buildSettings</key>
			<dict>
				<key>ALWAYS_SEARCH_USER_PATHS</key>
				<string>NO</string>
				<key>CLANG_CXX_LANGUAGE_STANDARD</key>
				<string>gnu++0x</string>
				<key>CLANG_CXX_LIBRARY</key>
				<string>libc++</string>
				<key>CLANG_ENABLE_MODULES</key>
				<string>YES</string>
				<key>CLANG_ENABLE_OBJC_ARC</key>
				<string>YES</string>
				<key>CLANG_WARN_BOOL_CONVERSION</key>
				<string>YES</string>
				<key>CLANG_WARN_CONSTANT_CONVERSION</key>
				<string>YES</string>
				<key>CLANG_WARN_DIRECT_OBJC_ISA_USAGE</key>
				<string>YES_ERROR</string>
				<key>CLANG_WARN_EMPTY_BODY</key>
				<string>YES</string>
				<key>CLANG_WARN_ENUM_CONVERSION</key>
				<string>YES</string>
				<key>CLANG_WARN_INT_CONVERSION</key>
				<string>YES</string>
				<key>CLANG_WARN_OBJC_ROOT_CLASS</key>
				<string>YES_ERROR</string>
				<key>CLANG_WARN_UNREACHABLE_CODE</key>
				<string>YES</string>
				<key>CLANG_WARN__DUPLICATE_METHOD_MATCH</key>
				<string>YES</string>
				<key>CODE_SIGN_IDENTITY[sdk=iphoneos*]</key>
				<string>iPhone Developer</string>
				<key>COPY_PHASE_STRIP</key>
				<string>YES</string>
				<key>ENABLE_NS_ASSERTIONS</key>
				<string>NO</string>
				<key>ENABLE_STRICT_OBJC_MSGSEND</key>
				<string>YES</string>
				<key>GCC_C_LANGUAGE_STANDARD</key>
				<string>gnu99</string>
				<key>GCC_WARN_64_TO_32_BIT_CONVERSION</key>
				<string>YES</string>
				<key>GCC_WARN_ABOUT_RETURN_TYPE</key>
				<string>YES_ERROR</string>
				<key>GCC_WARN_UNDECLARED_SELECTOR</key>
				<string>YES</string>
				<key>GCC_WARN_UNINITIALIZED_AUTOS</key>
				<string>YES_AGGRESSIVE</string>
				<key>GCC_WARN_UNUSED_FUNCTION</key>
				<string>YES</string>
				<key>GCC_WARN_UNUSED_VARIABLE</key>
				<string>YES</string>
				<key>IPHONEOS_DEPLOYMENT_TARGET</key>
				<string>8.1</string>
				<key>MTL_ENABLE_DEBUG_INFO</key>
				<string>NO</string>
				<key>New_Setting</key>
				<string></string>
				<key>SDKROOT</key>
				<string>iphoneos</string>
				<key>VALIDATE_PRODUCT</key>
				<string>YES</string>
			</dict>
			<key>isa</key>
			<string>XCBuildConfiguration</string>
			<key>name</key>
			<string>Release</string>
		</dict>
		<key>4A8CDE401A6D7DF700044CF8</key>
		<dict>
			<key>buildConfigurations</key>
			<array>
				<string>4A8CDE411A6D7DF700044CF8</string>
				<string>4A8CDE421A6D7DF700044CF8</string>
			</array>
			<key>defaultConfigurationIsVisible</key>
			<string>0</string>
			<key>defaultConfigurationName</key>
			<string>Release</string>
			<key>isa</key>
			<string>XCConfigurationList</string>
		</dict>
		<key>4A8CDE411A6D7DF700044CF8</key>
		<dict>
			<key>baseConfigurationReference</key>
			<string>AB7E0661D4B6F76FE5545B39</string>
			<key>buildSettings</key>
			<dict>
				<key>ASSETCATALOG_COMPILER_APPICON_NAME</key>
				<string>AppIcon</string>
				<key>INFOPLIST_FILE</key>
				<string>Shik Shak/Info.plist</string>
				<key>LD_RUNPATH_SEARCH_PATHS</key>
				<string>$(inherited) @executable_path/Frameworks</string>
				<key>PRODUCT_NAME</key>
				<string>$(TARGET_NAME)</string>
			</dict>
			<key>isa</key>
			<string>XCBuildConfiguration</string>
			<key>name</key>
			<string>Debug</string>
		</dict>
		<key>4A8CDE421A6D7DF700044CF8</key>
		<dict>
			<key>baseConfigurationReference</key>
			<string>A0924EA5987E4D434A4C9A04</string>
			<key>buildSettings</key>
			<dict>
				<key>ASSETCATALOG_COMPILER_APPICON_NAME</key>
				<string>AppIcon</string>
				<key>INFOPLIST_FILE</key>
				<string>Shik Shak/Info.plist</string>
				<key>LD_RUNPATH_SEARCH_PATHS</key>
				<string>$(inherited) @executable_path/Frameworks</string>
				<key>PRODUCT_NAME</key>
				<string>$(TARGET_NAME)</string>
			</dict>
			<key>isa</key>
			<string>XCBuildConfiguration</string>
			<key>name</key>
			<string>Release</string>
		</dict>
		<key>4A8CDE431A6D7DF700044CF8</key>
		<dict>
			<key>buildConfigurations</key>
			<array>
				<string>4A8CDE441A6D7DF700044CF8</string>
				<string>4A8CDE451A6D7DF700044CF8</string>
			</array>
			<key>defaultConfigurationIsVisible</key>
			<string>0</string>
			<key>defaultConfigurationName</key>
			<string>Release</string>
			<key>isa</key>
			<string>XCConfigurationList</string>
		</dict>
		<key>4A8CDE441A6D7DF700044CF8</key>
		<dict>
			<key>baseConfigurationReference</key>
			<string>2B5CAC1F5B4EED3E49374919</string>
			<key>buildSettings</key>
			<dict>
				<key>BUNDLE_LOADER</key>
				<string>$(TEST_HOST)</string>
				<key>FRAMEWORK_SEARCH_PATHS</key>
				<array>
					<string>$(SDKROOT)/Developer/Library/Frameworks</string>
					<string>$(inherited)</string>
				</array>
				<key>GCC_PREPROCESSOR_DEFINITIONS</key>
				<array>
					<string>DEBUG=1</string>
					<string>$(inherited)</string>
				</array>
				<key>INFOPLIST_FILE</key>
				<string>Shik ShakTests/Info.plist</string>
				<key>LD_RUNPATH_SEARCH_PATHS</key>
				<string>$(inherited) @executable_path/Frameworks @loader_path/Frameworks</string>
				<key>PRODUCT_NAME</key>
				<string>$(TARGET_NAME)</string>
				<key>TEST_HOST</key>
				<string>$(BUILT_PRODUCTS_DIR)/Shik Shak.app/Shik Shak</string>
			</dict>
			<key>isa</key>
			<string>XCBuildConfiguration</string>
			<key>name</key>
			<string>Debug</string>
		</dict>
		<key>4A8CDE451A6D7DF700044CF8</key>
		<dict>
			<key>baseConfigurationReference</key>
			<string>AD0F88CD28C64AAE41A199D2</string>
			<key>buildSettings</key>
			<dict>
				<key>BUNDLE_LOADER</key>
				<string>$(TEST_HOST)</string>
				<key>FRAMEWORK_SEARCH_PATHS</key>
				<array>
					<string>$(SDKROOT)/Developer/Library/Frameworks</string>
					<string>$(inherited)</string>
				</array>
				<key>INFOPLIST_FILE</key>
				<string>Shik ShakTests/Info.plist</string>
				<key>LD_RUNPATH_SEARCH_PATHS</key>
				<string>$(inherited) @executable_path/Frameworks @loader_path/Frameworks</string>
				<key>PRODUCT_NAME</key>
				<string>$(TARGET_NAME)</string>
				<key>TEST_HOST</key>
				<string>$(BUILT_PRODUCTS_DIR)/Shik Shak.app/Shik Shak</string>
			</dict>
			<key>isa</key>
			<string>XCBuildConfiguration</string>
			<key>name</key>
			<string>Release</string>
		</dict>
		<key>4A98D8471A73610A00893961</key>
		<dict>
			<key>fileEncoding</key>
			<string>4</string>
			<key>isa</key>
			<string>PBXFileReference</string>
			<key>lastKnownFileType</key>
			<string>sourcecode.c.objc</string>
			<key>path</key>
			<string>testZSSLocalFactory.m</string>
			<key>sourceTree</key>
			<string>&lt;group&gt;</string>
		</dict>
		<key>4A98D8481A73610A00893961</key>
		<dict>
			<key>fileRef</key>
			<string>4A98D8471A73610A00893961</string>
			<key>isa</key>
			<string>PBXBuildFile</string>
		</dict>
		<key>4A98D8491A73626800893961</key>
		<dict>
			<key>fileEncoding</key>
			<string>4</string>
			<key>isa</key>
			<string>PBXFileReference</string>
			<key>lastKnownFileType</key>
			<string>sourcecode.c.objc</string>
			<key>path</key>
			<string>testZSSLocalQuerier.m</string>
			<key>sourceTree</key>
			<string>&lt;group&gt;</string>
		</dict>
		<key>4A98D84A1A73626800893961</key>
		<dict>
			<key>fileRef</key>
			<string>4A98D8491A73626800893961</string>
			<key>isa</key>
			<string>PBXBuildFile</string>
		</dict>
		<key>4A98D84B1A73670000893961</key>
		<dict>
			<key>isa</key>
			<string>PBXFileReference</string>
			<key>lastKnownFileType</key>
			<string>wrapper.framework</string>
			<key>name</key>
			<string>CoreLocation.framework</string>
			<key>path</key>
			<string>System/Library/Frameworks/CoreLocation.framework</string>
			<key>sourceTree</key>
			<string>SDKROOT</string>
		</dict>
		<key>4A98D84C1A73670000893961</key>
		<dict>
			<key>fileRef</key>
			<string>4A98D84B1A73670000893961</string>
			<key>isa</key>
			<string>PBXBuildFile</string>
		</dict>
		<key>4A98D84D1A73670900893961</key>
		<dict>
			<key>fileRef</key>
			<string>4A98D84B1A73670000893961</string>
			<key>isa</key>
			<string>PBXBuildFile</string>
		</dict>
		<key>4A98D8511A73689E00893961</key>
		<dict>
			<key>fileEncoding</key>
			<string>4</string>
			<key>isa</key>
			<string>PBXFileReference</string>
			<key>lastKnownFileType</key>
			<string>sourcecode.c.h</string>
			<key>path</key>
			<string>ZSSLocationQuerier.h</string>
			<key>sourceTree</key>
			<string>&lt;group&gt;</string>
		</dict>
		<key>4A98D8521A73689E00893961</key>
		<dict>
			<key>fileEncoding</key>
			<string>4</string>
			<key>isa</key>
			<string>PBXFileReference</string>
			<key>lastKnownFileType</key>
			<string>sourcecode.c.objc</string>
			<key>path</key>
			<string>ZSSLocationQuerier.m</string>
			<key>sourceTree</key>
			<string>&lt;group&gt;</string>
		</dict>
		<key>4A98D8531A73689E00893961</key>
		<dict>
			<key>fileRef</key>
			<string>4A98D8521A73689E00893961</string>
			<key>isa</key>
			<string>PBXBuildFile</string>
		</dict>
		<key>4A98D8541A73689E00893961</key>
		<dict>
			<key>fileRef</key>
			<string>4A98D8521A73689E00893961</string>
			<key>isa</key>
			<string>PBXBuildFile</string>
		</dict>
		<key>4A98D8551A7368A700893961</key>
		<dict>
			<key>children</key>
			<array>
				<string>4A98D8511A73689E00893961</string>
				<string>4A98D8521A73689E00893961</string>
			</array>
			<key>isa</key>
			<string>PBXGroup</string>
			<key>name</key>
			<string>Location</string>
			<key>sourceTree</key>
			<string>&lt;group&gt;</string>
		</dict>
		<key>4AA0FF1F1A6D82BD003EEC88</key>
		<dict>
			<key>children</key>
			<array>
				<string>4AA0FF201A6D82BD003EEC88</string>
			</array>
			<key>currentVersion</key>
			<string>4AA0FF201A6D82BD003EEC88</string>
			<key>isa</key>
			<string>XCVersionGroup</string>
			<key>path</key>
			<string>ShikShak.xcdatamodeld</string>
			<key>sourceTree</key>
			<string>&lt;group&gt;</string>
			<key>versionGroupType</key>
			<string>wrapper.xcdatamodel</string>
		</dict>
		<key>4AA0FF201A6D82BD003EEC88</key>
		<dict>
			<key>isa</key>
			<string>PBXFileReference</string>
			<key>lastKnownFileType</key>
			<string>wrapper.xcdatamodel</string>
			<key>path</key>
			<string>ShikShak.xcdatamodel</string>
			<key>sourceTree</key>
			<string>&lt;group&gt;</string>
		</dict>
		<key>4AA0FF211A6D82BD003EEC88</key>
		<dict>
			<key>fileRef</key>
			<string>4AA0FF1F1A6D82BD003EEC88</string>
			<key>isa</key>
			<string>PBXBuildFile</string>
		</dict>
		<key>4AA0FF221A6D82BD003EEC88</key>
		<dict>
			<key>fileRef</key>
			<string>4AA0FF1F1A6D82BD003EEC88</string>
			<key>isa</key>
			<string>PBXBuildFile</string>
		</dict>
		<key>4AA0FF231A6D835C003EEC88</key>
		<dict>
			<key>fileEncoding</key>
			<string>4</string>
			<key>isa</key>
			<string>PBXFileReference</string>
			<key>lastKnownFileType</key>
			<string>sourcecode.c.h</string>
			<key>path</key>
			<string>ZSSLocalStore.h</string>
			<key>sourceTree</key>
			<string>&lt;group&gt;</string>
		</dict>
		<key>4AA0FF241A6D835C003EEC88</key>
		<dict>
			<key>fileEncoding</key>
			<string>4</string>
			<key>isa</key>
			<string>PBXFileReference</string>
			<key>lastKnownFileType</key>
			<string>sourcecode.c.objc</string>
			<key>path</key>
			<string>ZSSLocalStore.m</string>
			<key>sourceTree</key>
			<string>&lt;group&gt;</string>
		</dict>
		<key>4AA0FF251A6D835C003EEC88</key>
		<dict>
			<key>fileRef</key>
			<string>4AA0FF241A6D835C003EEC88</string>
			<key>isa</key>
			<string>PBXBuildFile</string>
		</dict>
		<key>4AA0FF261A6D835C003EEC88</key>
		<dict>
			<key>fileRef</key>
			<string>4AA0FF241A6D835C003EEC88</string>
			<key>isa</key>
			<string>PBXBuildFile</string>
		</dict>
		<key>4AA0FF2F1A6D83D9003EEC88</key>
		<dict>
			<key>children</key>
			<array>
				<string>4AA0FF231A6D835C003EEC88</string>
				<string>4AA0FF241A6D835C003EEC88</string>
				<string>4AA0FF301A6D8503003EEC88</string>
				<string>4AA0FF311A6D8503003EEC88</string>
				<string>4AEC44571A6E085F003E2D98</string>
				<string>4AEC44581A6E085F003E2D98</string>
				<string>4A09FE2E1A75627200158152</string>
				<string>4A09FE2F1A75627200158152</string>
				<string>4A09FE301A75627200158152</string>
				<string>4A09FE311A75627200158152</string>
			</array>
			<key>isa</key>
			<string>PBXGroup</string>
			<key>name</key>
			<string>CoreData</string>
			<key>sourceTree</key>
			<string>&lt;group&gt;</string>
		</dict>
		<key>4AA0FF301A6D8503003EEC88</key>
		<dict>
			<key>fileEncoding</key>
			<string>4</string>
			<key>isa</key>
			<string>PBXFileReference</string>
			<key>lastKnownFileType</key>
			<string>sourcecode.c.h</string>
			<key>path</key>
			<string>ZSSLocalQuerier.h</string>
			<key>sourceTree</key>
			<string>&lt;group&gt;</string>
		</dict>
		<key>4AA0FF311A6D8503003EEC88</key>
		<dict>
			<key>fileEncoding</key>
			<string>4</string>
			<key>isa</key>
			<string>PBXFileReference</string>
			<key>lastKnownFileType</key>
			<string>sourcecode.c.objc</string>
			<key>path</key>
			<string>ZSSLocalQuerier.m</string>
			<key>sourceTree</key>
			<string>&lt;group&gt;</string>
		</dict>
		<key>4AA0FF321A6D8503003EEC88</key>
		<dict>
			<key>fileRef</key>
			<string>4AA0FF311A6D8503003EEC88</string>
			<key>isa</key>
			<string>PBXBuildFile</string>
		</dict>
		<key>4AA0FF331A6D8503003EEC88</key>
		<dict>
			<key>fileRef</key>
			<string>4AA0FF311A6D8503003EEC88</string>
			<key>isa</key>
			<string>PBXBuildFile</string>
		</dict>
		<key>4AA0FF341A6D86F3003EEC88</key>
		<dict>
			<key>fileEncoding</key>
			<string>4</string>
			<key>isa</key>
			<string>PBXFileReference</string>
			<key>lastKnownFileType</key>
			<string>sourcecode.c.h</string>
			<key>path</key>
			<string>UIColor+Shik_Shak_Colors.h</string>
			<key>sourceTree</key>
			<string>&lt;group&gt;</string>
		</dict>
		<key>4AA0FF351A6D86F3003EEC88</key>
		<dict>
			<key>fileEncoding</key>
			<string>4</string>
			<key>isa</key>
			<string>PBXFileReference</string>
			<key>lastKnownFileType</key>
			<string>sourcecode.c.objc</string>
			<key>path</key>
			<string>UIColor+Shik_Shak_Colors.m</string>
			<key>sourceTree</key>
			<string>&lt;group&gt;</string>
		</dict>
		<key>4AA0FF361A6D86F3003EEC88</key>
		<dict>
			<key>fileRef</key>
			<string>4AA0FF351A6D86F3003EEC88</string>
			<key>isa</key>
			<string>PBXBuildFile</string>
		</dict>
		<key>4AA0FF371A6D86F3003EEC88</key>
		<dict>
			<key>fileRef</key>
			<string>4AA0FF351A6D86F3003EEC88</string>
			<key>isa</key>
			<string>PBXBuildFile</string>
		</dict>
		<key>4AC174D71A77642300A68263</key>
		<dict>
			<key>isa</key>
			<string>PBXFileReference</string>
			<key>lastKnownFileType</key>
			<string>image.png</string>
			<key>path</key>
			<string>settings_filled-90.png</string>
			<key>sourceTree</key>
			<string>&lt;group&gt;</string>
		</dict>
		<key>4AC174D81A77642300A68263</key>
		<dict>
			<key>isa</key>
			<string>PBXFileReference</string>
			<key>lastKnownFileType</key>
			<string>image.png</string>
			<key>path</key>
			<string>settings_filled-60.png</string>
			<key>sourceTree</key>
			<string>&lt;group&gt;</string>
		</dict>
		<key>4AC174D91A77642300A68263</key>
		<dict>
			<key>isa</key>
			<string>PBXFileReference</string>
			<key>lastKnownFileType</key>
			<string>image.png</string>
			<key>path</key>
			<string>settings_filled-30.png</string>
			<key>sourceTree</key>
			<string>&lt;group&gt;</string>
		</dict>
		<key>4AC174DA1A77642300A68263</key>
		<dict>
			<key>fileRef</key>
			<string>4AC174D71A77642300A68263</string>
			<key>isa</key>
			<string>PBXBuildFile</string>
		</dict>
		<key>4AC174DB1A77642300A68263</key>
		<dict>
			<key>fileRef</key>
			<string>4AC174D81A77642300A68263</string>
			<key>isa</key>
			<string>PBXBuildFile</string>
		</dict>
		<key>4AC174DC1A77642300A68263</key>
		<dict>
			<key>fileRef</key>
			<string>4AC174D91A77642300A68263</string>
			<key>isa</key>
			<string>PBXBuildFile</string>
		</dict>
		<key>4AC174DD1A77642A00A68263</key>
		<dict>
			<key>children</key>
			<array>
				<string>4AC174D71A77642300A68263</string>
				<string>4AC174D81A77642300A68263</string>
				<string>4AC174D91A77642300A68263</string>
				<string>4A67BF521A77756700601CA9</string>
				<string>4A67BF531A77756700601CA9</string>
				<string>4A67BF541A77756700601CA9</string>
				<string>4A67BF6A1A777A4B00601CA9</string>
				<string>4A67BF6B1A777A4B00601CA9</string>
				<string>4A67BF6C1A777A4B00601CA9</string>
				<string>4A8CBC6D1A78974600CE5EA6</string>
				<string>4A8CBC6E1A78974600CE5EA6</string>
				<string>4A8CBC6F1A78974600CE5EA6</string>
				<string>4A8CBC701A78974600CE5EA6</string>
				<string>4A8CBC711A78974600CE5EA6</string>
				<string>4A8CBC721A78974600CE5EA6</string>
			</array>
			<key>isa</key>
			<string>PBXGroup</string>
			<key>name</key>
			<string>Images</string>
			<key>sourceTree</key>
			<string>&lt;group&gt;</string>
		</dict>
		<key>4AC174DE1A77665100A68263</key>
		<dict>
			<key>fileEncoding</key>
			<string>4</string>
			<key>isa</key>
			<string>PBXFileReference</string>
			<key>lastKnownFileType</key>
			<string>sourcecode.c.h</string>
			<key>path</key>
			<string>ZSSSettingsViewController.h</string>
			<key>sourceTree</key>
			<string>&lt;group&gt;</string>
		</dict>
		<key>4AC174DF1A77665100A68263</key>
		<dict>
			<key>fileEncoding</key>
			<string>4</string>
			<key>isa</key>
			<string>PBXFileReference</string>
			<key>lastKnownFileType</key>
			<string>sourcecode.c.objc</string>
			<key>path</key>
			<string>ZSSSettingsViewController.m</string>
			<key>sourceTree</key>
			<string>&lt;group&gt;</string>
		</dict>
		<key>4AC174E01A77665100A68263</key>
		<dict>
			<key>fileEncoding</key>
			<string>4</string>
			<key>isa</key>
			<string>PBXFileReference</string>
			<key>lastKnownFileType</key>
			<string>file.xib</string>
			<key>path</key>
			<string>ZSSSettingsViewController.xib</string>
			<key>sourceTree</key>
			<string>&lt;group&gt;</string>
		</dict>
		<key>4AC174E11A77665100A68263</key>
		<dict>
			<key>fileRef</key>
			<string>4AC174DF1A77665100A68263</string>
			<key>isa</key>
			<string>PBXBuildFile</string>
		</dict>
		<key>4AC174E21A77665100A68263</key>
		<dict>
			<key>fileRef</key>
			<string>4AC174E01A77665100A68263</string>
			<key>isa</key>
			<string>PBXBuildFile</string>
		</dict>
		<key>4AC864A61A776A8100FE4C43</key>
		<dict>
			<key>fileEncoding</key>
			<string>4</string>
			<key>isa</key>
			<string>PBXFileReference</string>
			<key>lastKnownFileType</key>
			<string>sourcecode.c.h</string>
			<key>path</key>
			<string>ZSSThemeColorEditorViewController.h</string>
			<key>sourceTree</key>
			<string>&lt;group&gt;</string>
		</dict>
		<key>4AC864A71A776A8100FE4C43</key>
		<dict>
			<key>fileEncoding</key>
			<string>4</string>
			<key>isa</key>
			<string>PBXFileReference</string>
			<key>lastKnownFileType</key>
			<string>sourcecode.c.objc</string>
			<key>path</key>
			<string>ZSSThemeColorEditorViewController.m</string>
			<key>sourceTree</key>
			<string>&lt;group&gt;</string>
		</dict>
		<key>4AC864A81A776A8100FE4C43</key>
		<dict>
			<key>fileEncoding</key>
			<string>4</string>
			<key>isa</key>
			<string>PBXFileReference</string>
			<key>lastKnownFileType</key>
			<string>file.xib</string>
			<key>path</key>
			<string>ZSSThemeColorEditorViewController.xib</string>
			<key>sourceTree</key>
			<string>&lt;group&gt;</string>
		</dict>
		<key>4AC864A91A776A8100FE4C43</key>
		<dict>
			<key>fileRef</key>
			<string>4AC864A71A776A8100FE4C43</string>
			<key>isa</key>
			<string>PBXBuildFile</string>
		</dict>
		<key>4AC864AA1A776A8100FE4C43</key>
		<dict>
			<key>fileRef</key>
			<string>4AC864A81A776A8100FE4C43</string>
			<key>isa</key>
			<string>PBXBuildFile</string>
		</dict>
		<key>4AEC44571A6E085F003E2D98</key>
		<dict>
			<key>fileEncoding</key>
			<string>4</string>
			<key>isa</key>
			<string>PBXFileReference</string>
			<key>lastKnownFileType</key>
			<string>sourcecode.c.h</string>
			<key>path</key>
			<string>ZSSLocalFactory.h</string>
			<key>sourceTree</key>
			<string>&lt;group&gt;</string>
		</dict>
		<key>4AEC44581A6E085F003E2D98</key>
		<dict>
			<key>fileEncoding</key>
			<string>4</string>
			<key>isa</key>
			<string>PBXFileReference</string>
			<key>lastKnownFileType</key>
			<string>sourcecode.c.objc</string>
			<key>path</key>
			<string>ZSSLocalFactory.m</string>
			<key>sourceTree</key>
			<string>&lt;group&gt;</string>
		</dict>
		<key>4AEC44591A6E085F003E2D98</key>
		<dict>
			<key>fileRef</key>
			<string>4AEC44581A6E085F003E2D98</string>
			<key>isa</key>
			<string>PBXBuildFile</string>
		</dict>
		<key>4AEC445A1A6E085F003E2D98</key>
		<dict>
			<key>fileRef</key>
			<string>4AEC44581A6E085F003E2D98</string>
			<key>isa</key>
			<string>PBXBuildFile</string>
		</dict>
		<key>4AEC446C1A6E1F54003E2D98</key>
		<dict>
			<key>fileEncoding</key>
			<string>4</string>
			<key>isa</key>
			<string>PBXFileReference</string>
			<key>lastKnownFileType</key>
			<string>sourcecode.c.objc</string>
			<key>path</key>
			<string>testZSSLocalStore.m</string>
			<key>sourceTree</key>
			<string>&lt;group&gt;</string>
		</dict>
		<key>4AEC446D1A6E1F54003E2D98</key>
		<dict>
			<key>fileRef</key>
			<string>4AEC446C1A6E1F54003E2D98</string>
			<key>isa</key>
			<string>PBXBuildFile</string>
		</dict>
		<key>52913044ED5187C7C5D2F2C8</key>
		<dict>
			<key>explicitFileType</key>
			<string>archive.ar</string>
			<key>includeInIndex</key>
			<string>0</string>
			<key>isa</key>
			<string>PBXFileReference</string>
			<key>path</key>
			<string>libPods-Shik Shak.a</string>
			<key>sourceTree</key>
			<string>BUILT_PRODUCTS_DIR</string>
		</dict>
		<key>64F6F925A5972FC8D88263A4</key>
		<dict>
			<key>fileRef</key>
			<string>52913044ED5187C7C5D2F2C8</string>
			<key>isa</key>
			<string>PBXBuildFile</string>
		</dict>
		<key>A0924EA5987E4D434A4C9A04</key>
		<dict>
			<key>includeInIndex</key>
			<string>1</string>
			<key>isa</key>
			<string>PBXFileReference</string>
			<key>lastKnownFileType</key>
			<string>text.xcconfig</string>
			<key>name</key>
			<string>Pods-Shik Shak.release.xcconfig</string>
			<key>path</key>
			<string>Pods/Target Support Files/Pods-Shik Shak/Pods-Shik Shak.release.xcconfig</string>
			<key>sourceTree</key>
			<string>&lt;group&gt;</string>
		</dict>
		<key>AB7E0661D4B6F76FE5545B39</key>
		<dict>
			<key>includeInIndex</key>
			<string>1</string>
			<key>isa</key>
			<string>PBXFileReference</string>
			<key>lastKnownFileType</key>
			<string>text.xcconfig</string>
			<key>name</key>
			<string>Pods-Shik Shak.debug.xcconfig</string>
			<key>path</key>
			<string>Pods/Target Support Files/Pods-Shik Shak/Pods-Shik Shak.debug.xcconfig</string>
			<key>sourceTree</key>
			<string>&lt;group&gt;</string>
		</dict>
		<key>AD0F88CD28C64AAE41A199D2</key>
		<dict>
			<key>includeInIndex</key>
			<string>1</string>
			<key>isa</key>
			<string>PBXFileReference</string>
			<key>lastKnownFileType</key>
			<string>text.xcconfig</string>
			<key>name</key>
			<string>Pods-Shik ShakTests.release.xcconfig</string>
			<key>path</key>
			<string>Pods/Target Support Files/Pods-Shik ShakTests/Pods-Shik ShakTests.release.xcconfig</string>
			<key>sourceTree</key>
			<string>&lt;group&gt;</string>
		</dict>
		<key>AE851EFC22C0C08C2039674E</key>
		<dict>
			<key>buildActionMask</key>
			<string>2147483647</string>
			<key>files</key>
			<array/>
			<key>inputPaths</key>
			<array/>
			<key>isa</key>
			<string>PBXShellScriptBuildPhase</string>
			<key>name</key>
			<string>Check Pods Manifest.lock</string>
			<key>outputPaths</key>
			<array/>
			<key>runOnlyForDeploymentPostprocessing</key>
			<string>0</string>
			<key>shellPath</key>
			<string>/bin/sh</string>
			<key>shellScript</key>
			<string>diff "${PODS_ROOT}/../Podfile.lock" "${PODS_ROOT}/Manifest.lock" &gt; /dev/null
if [[ $? != 0 ]] ; then
    cat &lt;&lt; EOM
error: The sandbox is not in sync with the Podfile.lock. Run 'pod install' or update your CocoaPods installation.
EOM
    exit 1
fi
</string>
			<key>showEnvVarsInLog</key>
			<string>0</string>
		</dict>
		<key>CA79CD7EBAF2E72E7854FF1B</key>
		<dict>
			<key>buildActionMask</key>
			<string>2147483647</string>
			<key>files</key>
			<array/>
			<key>inputPaths</key>
			<array/>
			<key>isa</key>
			<string>PBXShellScriptBuildPhase</string>
			<key>name</key>
			<string>Copy Pods Resources</string>
			<key>outputPaths</key>
			<array/>
			<key>runOnlyForDeploymentPostprocessing</key>
			<string>0</string>
			<key>shellPath</key>
			<string>/bin/sh</string>
			<key>shellScript</key>
			<string>"${SRCROOT}/Pods/Target Support Files/Pods-Shik ShakTests/Pods-Shik ShakTests-resources.sh"
</string>
			<key>showEnvVarsInLog</key>
			<string>0</string>
		</dict>
		<key>DE80DCEE19BC16DB259636E4</key>
		<dict>
			<key>explicitFileType</key>
			<string>archive.ar</string>
			<key>includeInIndex</key>
			<string>0</string>
			<key>isa</key>
			<string>PBXFileReference</string>
			<key>path</key>
			<string>libPods-Shik ShakTests.a</string>
			<key>sourceTree</key>
			<string>BUILT_PRODUCTS_DIR</string>
		</dict>
		<key>F43D911D689341A7538E4068</key>
		<dict>
			<key>fileRef</key>
			<string>DE80DCEE19BC16DB259636E4</string>
			<key>isa</key>
			<string>PBXBuildFile</string>
		</dict>
	</dict>
	<key>rootObject</key>
	<string>4A8CDE151A6D7DF700044CF8</string>
</dict>
</plist>
