// !$*UTF8*$!
{
	archiveVersion = 1;
	classes = {
	};
	objectVersion = 46;
	objects = {

/* Begin PBXBuildFile section */
		4A8CDE231A6D7DF700044CF8 /* main.m in Sources */ = {isa = PBXBuildFile; fileRef = 4A8CDE221A6D7DF700044CF8 /* main.m */; };
		4A8CDE261A6D7DF700044CF8 /* AppDelegate.m in Sources */ = {isa = PBXBuildFile; fileRef = 4A8CDE251A6D7DF700044CF8 /* AppDelegate.m */; };
		4A8CDE2E1A6D7DF700044CF8 /* Images.xcassets in Resources */ = {isa = PBXBuildFile; fileRef = 4A8CDE2D1A6D7DF700044CF8 /* Images.xcassets */; };
		4A8CDE311A6D7DF700044CF8 /* LaunchScreen.xib in Resources */ = {isa = PBXBuildFile; fileRef = 4A8CDE2F1A6D7DF700044CF8 /* LaunchScreen.xib */; };
		4A8CDE3D1A6D7DF700044CF8 /* Shik_ShakTests.m in Sources */ = {isa = PBXBuildFile; fileRef = 4A8CDE3C1A6D7DF700044CF8 /* Shik_ShakTests.m */; };
		4A8CDE491A6D7E3300044CF8 /* ZSSHomeViewController.m in Sources */ = {isa = PBXBuildFile; fileRef = 4A8CDE471A6D7E3300044CF8 /* ZSSHomeViewController.m */; };
		4A8CDE4A1A6D7E3300044CF8 /* ZSSHomeViewController.xib in Resources */ = {isa = PBXBuildFile; fileRef = 4A8CDE481A6D7E3300044CF8 /* ZSSHomeViewController.xib */; };
		4A8CDE4D1A6D7E4800044CF8 /* ZSSDownloader.m in Sources */ = {isa = PBXBuildFile; fileRef = 4A8CDE4C1A6D7E4800044CF8 /* ZSSDownloader.m */; };
		4A8CDE4E1A6D7E4800044CF8 /* ZSSDownloader.m in Sources */ = {isa = PBXBuildFile; fileRef = 4A8CDE4C1A6D7E4800044CF8 /* ZSSDownloader.m */; };
		4A8CDE551A6D7E8600044CF8 /* ShikShak.xcdatamodeld in Sources */ = {isa = PBXBuildFile; fileRef = 4A8CDE531A6D7E8600044CF8 /* ShikShak.xcdatamodeld */; };
		4A8CDE561A6D7E8600044CF8 /* ShikShak.xcdatamodeld in Sources */ = {isa = PBXBuildFile; fileRef = 4A8CDE531A6D7E8600044CF8 /* ShikShak.xcdatamodeld */; };
/* End PBXBuildFile section */

/* Begin PBXContainerItemProxy section */
		4A8CDE371A6D7DF700044CF8 /* PBXContainerItemProxy */ = {
			isa = PBXContainerItemProxy;
			containerPortal = 4A8CDE151A6D7DF700044CF8 /* Project object */;
			proxyType = 1;
			remoteGlobalIDString = 4A8CDE1C1A6D7DF700044CF8;
			remoteInfo = "Shik Shak";
		};
/* End PBXContainerItemProxy section */

/* Begin PBXFileReference section */
		4A8CDE1D1A6D7DF700044CF8 /* Shik Shak.app */ = {isa = PBXFileReference; explicitFileType = wrapper.application; includeInIndex = 0; path = "Shik Shak.app"; sourceTree = BUILT_PRODUCTS_DIR; };
		4A8CDE211A6D7DF700044CF8 /* Info.plist */ = {isa = PBXFileReference; lastKnownFileType = text.plist.xml; path = Info.plist; sourceTree = "<group>"; };
		4A8CDE221A6D7DF700044CF8 /* main.m */ = {isa = PBXFileReference; lastKnownFileType = sourcecode.c.objc; path = main.m; sourceTree = "<group>"; };
		4A8CDE241A6D7DF700044CF8 /* AppDelegate.h */ = {isa = PBXFileReference; lastKnownFileType = sourcecode.c.h; path = AppDelegate.h; sourceTree = "<group>"; };
		4A8CDE251A6D7DF700044CF8 /* AppDelegate.m */ = {isa = PBXFileReference; lastKnownFileType = sourcecode.c.objc; path = AppDelegate.m; sourceTree = "<group>"; };
		4A8CDE2D1A6D7DF700044CF8 /* Images.xcassets */ = {isa = PBXFileReference; lastKnownFileType = folder.assetcatalog; path = Images.xcassets; sourceTree = "<group>"; };
		4A8CDE301A6D7DF700044CF8 /* Base */ = {isa = PBXFileReference; lastKnownFileType = file.xib; name = Base; path = Base.lproj/LaunchScreen.xib; sourceTree = "<group>"; };
		4A8CDE361A6D7DF700044CF8 /* Shik ShakTests.xctest */ = {isa = PBXFileReference; explicitFileType = wrapper.cfbundle; includeInIndex = 0; path = "Shik ShakTests.xctest"; sourceTree = BUILT_PRODUCTS_DIR; };
		4A8CDE3B1A6D7DF700044CF8 /* Info.plist */ = {isa = PBXFileReference; lastKnownFileType = text.plist.xml; path = Info.plist; sourceTree = "<group>"; };
		4A8CDE3C1A6D7DF700044CF8 /* Shik_ShakTests.m */ = {isa = PBXFileReference; lastKnownFileType = sourcecode.c.objc; path = Shik_ShakTests.m; sourceTree = "<group>"; };
		4A8CDE461A6D7E3300044CF8 /* ZSSHomeViewController.h */ = {isa = PBXFileReference; fileEncoding = 4; lastKnownFileType = sourcecode.c.h; path = ZSSHomeViewController.h; sourceTree = "<group>"; };
		4A8CDE471A6D7E3300044CF8 /* ZSSHomeViewController.m */ = {isa = PBXFileReference; fileEncoding = 4; lastKnownFileType = sourcecode.c.objc; path = ZSSHomeViewController.m; sourceTree = "<group>"; };
		4A8CDE481A6D7E3300044CF8 /* ZSSHomeViewController.xib */ = {isa = PBXFileReference; fileEncoding = 4; lastKnownFileType = file.xib; path = ZSSHomeViewController.xib; sourceTree = "<group>"; };
		4A8CDE4B1A6D7E4800044CF8 /* ZSSDownloader.h */ = {isa = PBXFileReference; fileEncoding = 4; lastKnownFileType = sourcecode.c.h; path = ZSSDownloader.h; sourceTree = "<group>"; };
		4A8CDE4C1A6D7E4800044CF8 /* ZSSDownloader.m */ = {isa = PBXFileReference; fileEncoding = 4; lastKnownFileType = sourcecode.c.objc; path = ZSSDownloader.m; sourceTree = "<group>"; };
		4A8CDE541A6D7E8600044CF8 /* ShikShak.xcdatamodel */ = {isa = PBXFileReference; lastKnownFileType = wrapper.xcdatamodel; path = ShikShak.xcdatamodel; sourceTree = "<group>"; };
/* End PBXFileReference section */

/* Begin PBXFrameworksBuildPhase section */
		4A8CDE1A1A6D7DF700044CF8 /* Frameworks */ = {
			isa = PBXFrameworksBuildPhase;
			buildActionMask = 2147483647;
			files = (
			);
			runOnlyForDeploymentPostprocessing = 0;
		};
		4A8CDE331A6D7DF700044CF8 /* Frameworks */ = {
			isa = PBXFrameworksBuildPhase;
			buildActionMask = 2147483647;
			files = (
			);
			runOnlyForDeploymentPostprocessing = 0;
		};
/* End PBXFrameworksBuildPhase section */

/* Begin PBXGroup section */
		4A8CDE141A6D7DF700044CF8 = {
			isa = PBXGroup;
			children = (
				4A8CDE531A6D7E8600044CF8 /* ShikShak.xcdatamodeld */,
				4A8CDE1F1A6D7DF700044CF8 /* Shik Shak */,
				4A8CDE391A6D7DF700044CF8 /* Shik ShakTests */,
				4A8CDE1E1A6D7DF700044CF8 /* Products */,
			);
			sourceTree = "<group>";
		};
		4A8CDE1E1A6D7DF700044CF8 /* Products */ = {
			isa = PBXGroup;
			children = (
				4A8CDE1D1A6D7DF700044CF8 /* Shik Shak.app */,
				4A8CDE361A6D7DF700044CF8 /* Shik ShakTests.xctest */,
			);
			name = Products;
			sourceTree = "<group>";
		};
		4A8CDE1F1A6D7DF700044CF8 /* Shik Shak */ = {
			isa = PBXGroup;
			children = (
				4A8CDE241A6D7DF700044CF8 /* AppDelegate.h */,
				4A8CDE251A6D7DF700044CF8 /* AppDelegate.m */,
				4A8CDE461A6D7E3300044CF8 /* ZSSHomeViewController.h */,
				4A8CDE471A6D7E3300044CF8 /* ZSSHomeViewController.m */,
				4A8CDE481A6D7E3300044CF8 /* ZSSHomeViewController.xib */,
				4A8CDE4B1A6D7E4800044CF8 /* ZSSDownloader.h */,
				4A8CDE4C1A6D7E4800044CF8 /* ZSSDownloader.m */,
				4A8CDE2D1A6D7DF700044CF8 /* Images.xcassets */,
				4A8CDE2F1A6D7DF700044CF8 /* LaunchScreen.xib */,
				4A8CDE201A6D7DF700044CF8 /* Supporting Files */,
			);
			path = "Shik Shak";
			sourceTree = "<group>";
		};
		4A8CDE201A6D7DF700044CF8 /* Supporting Files */ = {
			isa = PBXGroup;
			children = (
				4A8CDE211A6D7DF700044CF8 /* Info.plist */,
				4A8CDE221A6D7DF700044CF8 /* main.m */,
			);
			name = "Supporting Files";
			sourceTree = "<group>";
		};
		4A8CDE391A6D7DF700044CF8 /* Shik ShakTests */ = {
			isa = PBXGroup;
			children = (
				4A8CDE3C1A6D7DF700044CF8 /* Shik_ShakTests.m */,
				4A8CDE3A1A6D7DF700044CF8 /* Supporting Files */,
			);
			path = "Shik ShakTests";
			sourceTree = "<group>";
		};
		4A8CDE3A1A6D7DF700044CF8 /* Supporting Files */ = {
			isa = PBXGroup;
			children = (
				4A8CDE3B1A6D7DF700044CF8 /* Info.plist */,
			);
			name = "Supporting Files";
			sourceTree = "<group>";
		};
/* End PBXGroup section */

/* Begin PBXNativeTarget section */
		4A8CDE1C1A6D7DF700044CF8 /* Shik Shak */ = {
			isa = PBXNativeTarget;
			buildConfigurationList = 4A8CDE401A6D7DF700044CF8 /* Build configuration list for PBXNativeTarget "Shik Shak" */;
			buildPhases = (
				4A8CDE191A6D7DF700044CF8 /* Sources */,
				4A8CDE1A1A6D7DF700044CF8 /* Frameworks */,
				4A8CDE1B1A6D7DF700044CF8 /* Resources */,
			);
			buildRules = (
			);
			dependencies = (
			);
			name = "Shik Shak";
			productName = "Shik Shak";
			productReference = 4A8CDE1D1A6D7DF700044CF8 /* Shik Shak.app */;
			productType = "com.apple.product-type.application";
		};
		4A8CDE351A6D7DF700044CF8 /* Shik ShakTests */ = {
			isa = PBXNativeTarget;
			buildConfigurationList = 4A8CDE431A6D7DF700044CF8 /* Build configuration list for PBXNativeTarget "Shik ShakTests" */;
			buildPhases = (
				4A8CDE321A6D7DF700044CF8 /* Sources */,
				4A8CDE331A6D7DF700044CF8 /* Frameworks */,
				4A8CDE341A6D7DF700044CF8 /* Resources */,
			);
			buildRules = (
			);
			dependencies = (
				4A8CDE381A6D7DF700044CF8 /* PBXTargetDependency */,
			);
			name = "Shik ShakTests";
			productName = "Shik ShakTests";
			productReference = 4A8CDE361A6D7DF700044CF8 /* Shik ShakTests.xctest */;
			productType = "com.apple.product-type.bundle.unit-test";
		};
/* End PBXNativeTarget section */

/* Begin PBXProject section */
		4A8CDE151A6D7DF700044CF8 /* Project object */ = {
			isa = PBXProject;
			attributes = {
				LastUpgradeCheck = 0610;
				ORGANIZATIONNAME = "Shakked Inc.";
				TargetAttributes = {
					4A8CDE1C1A6D7DF700044CF8 = {
						CreatedOnToolsVersion = 6.1.1;
					};
					4A8CDE351A6D7DF700044CF8 = {
						CreatedOnToolsVersion = 6.1.1;
						TestTargetID = 4A8CDE1C1A6D7DF700044CF8;
					};
				};
			};
			buildConfigurationList = 4A8CDE181A6D7DF700044CF8 /* Build configuration list for PBXProject "Shik Shak" */;
			compatibilityVersion = "Xcode 3.2";
			developmentRegion = English;
			hasScannedForEncodings = 0;
			knownRegions = (
				en,
				Base,
			);
			mainGroup = 4A8CDE141A6D7DF700044CF8;
			productRefGroup = 4A8CDE1E1A6D7DF700044CF8 /* Products */;
			projectDirPath = "";
			projectRoot = "";
			targets = (
				4A8CDE1C1A6D7DF700044CF8 /* Shik Shak */,
				4A8CDE351A6D7DF700044CF8 /* Shik ShakTests */,
			);
		};
/* End PBXProject section */

/* Begin PBXResourcesBuildPhase section */
		4A8CDE1B1A6D7DF700044CF8 /* Resources */ = {
			isa = PBXResourcesBuildPhase;
			buildActionMask = 2147483647;
			files = (
				4A8CDE311A6D7DF700044CF8 /* LaunchScreen.xib in Resources */,
				4A8CDE2E1A6D7DF700044CF8 /* Images.xcassets in Resources */,
				4A8CDE4A1A6D7E3300044CF8 /* ZSSHomeViewController.xib in Resources */,
			);
			runOnlyForDeploymentPostprocessing = 0;
		};
		4A8CDE341A6D7DF700044CF8 /* Resources */ = {
			isa = PBXResourcesBuildPhase;
			buildActionMask = 2147483647;
			files = (
			);
			runOnlyForDeploymentPostprocessing = 0;
		};
/* End PBXResourcesBuildPhase section */

/* Begin PBXSourcesBuildPhase section */
		4A8CDE191A6D7DF700044CF8 /* Sources */ = {
			isa = PBXSourcesBuildPhase;
			buildActionMask = 2147483647;
			files = (
				4A8CDE491A6D7E3300044CF8 /* ZSSHomeViewController.m in Sources */,
				4A8CDE4D1A6D7E4800044CF8 /* ZSSDownloader.m in Sources */,
				4A8CDE551A6D7E8600044CF8 /* ShikShak.xcdatamodeld in Sources */,
				4A8CDE261A6D7DF700044CF8 /* AppDelegate.m in Sources */,
				4A8CDE231A6D7DF700044CF8 /* main.m in Sources */,
			);
			runOnlyForDeploymentPostprocessing = 0;
		};
		4A8CDE321A6D7DF700044CF8 /* Sources */ = {
			isa = PBXSourcesBuildPhase;
			buildActionMask = 2147483647;
			files = (
				4A8CDE561A6D7E8600044CF8 /* ShikShak.xcdatamodeld in Sources */,
				4A8CDE3D1A6D7DF700044CF8 /* Shik_ShakTests.m in Sources */,
				4A8CDE4E1A6D7E4800044CF8 /* ZSSDownloader.m in Sources */,
			);
			runOnlyForDeploymentPostprocessing = 0;
		};
/* End PBXSourcesBuildPhase section */

/* Begin PBXTargetDependency section */
		4A8CDE381A6D7DF700044CF8 /* PBXTargetDependency */ = {
			isa = PBXTargetDependency;
			target = 4A8CDE1C1A6D7DF700044CF8 /* Shik Shak */;
			targetProxy = 4A8CDE371A6D7DF700044CF8 /* PBXContainerItemProxy */;
		};
/* End PBXTargetDependency section */

/* Begin PBXVariantGroup section */
		4A8CDE2F1A6D7DF700044CF8 /* LaunchScreen.xib */ = {
			isa = PBXVariantGroup;
			children = (
				4A8CDE301A6D7DF700044CF8 /* Base */,
			);
			name = LaunchScreen.xib;
			sourceTree = "<group>";
		};
/* End PBXVariantGroup section */

/* Begin XCBuildConfiguration section */
		4A8CDE3E1A6D7DF700044CF8 /* Debug */ = {
			isa = XCBuildConfiguration;
			buildSettings = {
				ALWAYS_SEARCH_USER_PATHS = NO;
				CLANG_CXX_LANGUAGE_STANDARD = "gnu++0x";
				CLANG_CXX_LIBRARY = "libc++";
				CLANG_ENABLE_MODULES = YES;
				CLANG_ENABLE_OBJC_ARC = YES;
				CLANG_WARN_BOOL_CONVERSION = YES;
				CLANG_WARN_CONSTANT_CONVERSION = YES;
				CLANG_WARN_DIRECT_OBJC_ISA_USAGE = YES_ERROR;
				CLANG_WARN_EMPTY_BODY = YES;
				CLANG_WARN_ENUM_CONVERSION = YES;
				CLANG_WARN_INT_CONVERSION = YES;
				CLANG_WARN_OBJC_ROOT_CLASS = YES_ERROR;
				CLANG_WARN_UNREACHABLE_CODE = YES;
				CLANG_WARN__DUPLICATE_METHOD_MATCH = YES;
				"CODE_SIGN_IDENTITY[sdk=iphoneos*]" = "iPhone Developer";
				COPY_PHASE_STRIP = NO;
				ENABLE_STRICT_OBJC_MSGSEND = YES;
				GCC_C_LANGUAGE_STANDARD = gnu99;
				GCC_DYNAMIC_NO_PIC = NO;
				GCC_OPTIMIZATION_LEVEL = 0;
				GCC_PREPROCESSOR_DEFINITIONS = (
					"DEBUG=1",
					"$(inherited)",
				);
				GCC_SYMBOLS_PRIVATE_EXTERN = NO;
				GCC_WARN_64_TO_32_BIT_CONVERSION = YES;
				GCC_WARN_ABOUT_RETURN_TYPE = YES_ERROR;
				GCC_WARN_UNDECLARED_SELECTOR = YES;
				GCC_WARN_UNINITIALIZED_AUTOS = YES_AGGRESSIVE;
				GCC_WARN_UNUSED_FUNCTION = YES;
				GCC_WARN_UNUSED_VARIABLE = YES;
				IPHONEOS_DEPLOYMENT_TARGET = 8.1;
				MTL_ENABLE_DEBUG_INFO = YES;
				ONLY_ACTIVE_ARCH = YES;
				SDKROOT = iphoneos;
			};
			name = Debug;
		};
		4A8CDE3F1A6D7DF700044CF8 /* Release */ = {
			isa = XCBuildConfiguration;
			buildSettings = {
				ALWAYS_SEARCH_USER_PATHS = NO;
				CLANG_CXX_LANGUAGE_STANDARD = "gnu++0x";
				CLANG_CXX_LIBRARY = "libc++";
				CLANG_ENABLE_MODULES = YES;
				CLANG_ENABLE_OBJC_ARC = YES;
				CLANG_WARN_BOOL_CONVERSION = YES;
				CLANG_WARN_CONSTANT_CONVERSION = YES;
				CLANG_WARN_DIRECT_OBJC_ISA_USAGE = YES_ERROR;
				CLANG_WARN_EMPTY_BODY = YES;
				CLANG_WARN_ENUM_CONVERSION = YES;
				CLANG_WARN_INT_CONVERSION = YES;
				CLANG_WARN_OBJC_ROOT_CLASS = YES_ERROR;
				CLANG_WARN_UNREACHABLE_CODE = YES;
				CLANG_WARN__DUPLICATE_METHOD_MATCH = YES;
				"CODE_SIGN_IDENTITY[sdk=iphoneos*]" = "iPhone Developer";
				COPY_PHASE_STRIP = YES;
				ENABLE_NS_ASSERTIONS = NO;
				ENABLE_STRICT_OBJC_MSGSEND = YES;
				GCC_C_LANGUAGE_STANDARD = gnu99;
				GCC_WARN_64_TO_32_BIT_CONVERSION = YES;
				GCC_WARN_ABOUT_RETURN_TYPE = YES_ERROR;
				GCC_WARN_UNDECLARED_SELECTOR = YES;
				GCC_WARN_UNINITIALIZED_AUTOS = YES_AGGRESSIVE;
				GCC_WARN_UNUSED_FUNCTION = YES;
				GCC_WARN_UNUSED_VARIABLE = YES;
				IPHONEOS_DEPLOYMENT_TARGET = 8.1;
				MTL_ENABLE_DEBUG_INFO = NO;
				SDKROOT = iphoneos;
				VALIDATE_PRODUCT = YES;
			};
			name = Release;
		};
		4A8CDE411A6D7DF700044CF8 /* Debug */ = {
			isa = XCBuildConfiguration;
			buildSettings = {
				ASSETCATALOG_COMPILER_APPICON_NAME = AppIcon;
				INFOPLIST_FILE = "Shik Shak/Info.plist";
				LD_RUNPATH_SEARCH_PATHS = "$(inherited) @executable_path/Frameworks";
				PRODUCT_NAME = "$(TARGET_NAME)";
			};
			name = Debug;
		};
		4A8CDE421A6D7DF700044CF8 /* Release */ = {
			isa = XCBuildConfiguration;
			buildSettings = {
				ASSETCATALOG_COMPILER_APPICON_NAME = AppIcon;
				INFOPLIST_FILE = "Shik Shak/Info.plist";
				LD_RUNPATH_SEARCH_PATHS = "$(inherited) @executable_path/Frameworks";
				PRODUCT_NAME = "$(TARGET_NAME)";
			};
			name = Release;
		};
		4A8CDE441A6D7DF700044CF8 /* Debug */ = {
			isa = XCBuildConfiguration;
			buildSettings = {
				BUNDLE_LOADER = "$(TEST_HOST)";
				FRAMEWORK_SEARCH_PATHS = (
					"$(SDKROOT)/Developer/Library/Frameworks",
					"$(inherited)",
				);
				GCC_PREPROCESSOR_DEFINITIONS = (
					"DEBUG=1",
					"$(inherited)",
				);
				INFOPLIST_FILE = "Shik ShakTests/Info.plist";
				LD_RUNPATH_SEARCH_PATHS = "$(inherited) @executable_path/Frameworks @loader_path/Frameworks";
				PRODUCT_NAME = "$(TARGET_NAME)";
				TEST_HOST = "$(BUILT_PRODUCTS_DIR)/Shik Shak.app/Shik Shak";
			};
			name = Debug;
		};
		4A8CDE451A6D7DF700044CF8 /* Release */ = {
			isa = XCBuildConfiguration;
			buildSettings = {
				BUNDLE_LOADER = "$(TEST_HOST)";
				FRAMEWORK_SEARCH_PATHS = (
					"$(SDKROOT)/Developer/Library/Frameworks",
					"$(inherited)",
				);
				INFOPLIST_FILE = "Shik ShakTests/Info.plist";
				LD_RUNPATH_SEARCH_PATHS = "$(inherited) @executable_path/Frameworks @loader_path/Frameworks";
				PRODUCT_NAME = "$(TARGET_NAME)";
				TEST_HOST = "$(BUILT_PRODUCTS_DIR)/Shik Shak.app/Shik Shak";
			};
			name = Release;
		};
/* End XCBuildConfiguration section */

/* Begin XCConfigurationList section */
		4A8CDE181A6D7DF700044CF8 /* Build configuration list for PBXProject "Shik Shak" */ = {
			isa = XCConfigurationList;
			buildConfigurations = (
				4A8CDE3E1A6D7DF700044CF8 /* Debug */,
				4A8CDE3F1A6D7DF700044CF8 /* Release */,
			);
			defaultConfigurationIsVisible = 0;
			defaultConfigurationName = Release;
		};
		4A8CDE401A6D7DF700044CF8 /* Build configuration list for PBXNativeTarget "Shik Shak" */ = {
			isa = XCConfigurationList;
			buildConfigurations = (
				4A8CDE411A6D7DF700044CF8 /* Debug */,
				4A8CDE421A6D7DF700044CF8 /* Release */,
			);
			defaultConfigurationIsVisible = 0;
		};
		4A8CDE431A6D7DF700044CF8 /* Build configuration list for PBXNativeTarget "Shik ShakTests" */ = {
			isa = XCConfigurationList;
			buildConfigurations = (
				4A8CDE441A6D7DF700044CF8 /* Debug */,
				4A8CDE451A6D7DF700044CF8 /* Release */,
			);
			defaultConfigurationIsVisible = 0;
		};
/* End XCConfigurationList section */

/* Begin XCVersionGroup section */
		4A8CDE531A6D7E8600044CF8 /* ShikShak.xcdatamodeld */ = {
			isa = XCVersionGroup;
			children = (
				4A8CDE541A6D7E8600044CF8 /* ShikShak.xcdatamodel */,
			);
			currentVersion = 4A8CDE541A6D7E8600044CF8 /* ShikShak.xcdatamodel */;
			path = ShikShak.xcdatamodeld;
			sourceTree = "<group>";
			versionGroupType = wrapper.xcdatamodel;
		};
/* End XCVersionGroup section */
	};
	rootObject = 4A8CDE151A6D7DF700044CF8 /* Project object */;
}
